// !$*UTF8*$!
{
	archiveVersion = 1;
	classes = {
	};
	objectVersion = 46;
	objects = {

/* Begin PBXBuildFile section */
		5159D1D51A5EBF5A0013B37F /* InterestsAll.m in Sources */ = {isa = PBXBuildFile; fileRef = 5159D1D41A5EBF5A0013B37F /* InterestsAll.m */; };
		5159D1FF1A5EBFDB0013B37F /* 3x 22-51-19-252.jpg in Resources */ = {isa = PBXBuildFile; fileRef = 5159D1D61A5EBFDB0013B37F /* 3x 22-51-19-252.jpg */; };
		5159D2001A5EBFDB0013B37F /* arc.jpg in Resources */ = {isa = PBXBuildFile; fileRef = 5159D1D71A5EBFDB0013B37F /* arc.jpg */; };
		5159D2011A5EBFDB0013B37F /* arc@2x.jpg in Resources */ = {isa = PBXBuildFile; fileRef = 5159D1D81A5EBFDB0013B37F /* arc@2x.jpg */; };
		5159D2021A5EBFDB0013B37F /* arc@3x.jpg in Resources */ = {isa = PBXBuildFile; fileRef = 5159D1D91A5EBFDB0013B37F /* arc@3x.jpg */; };
		5159D2031A5EBFDB0013B37F /* image.jpg in Resources */ = {isa = PBXBuildFile; fileRef = 5159D1DA1A5EBFDB0013B37F /* image.jpg */; };
		5159D2041A5EBFDB0013B37F /* image@2x.jpg in Resources */ = {isa = PBXBuildFile; fileRef = 5159D1DB1A5EBFDB0013B37F /* image@2x.jpg */; };
		5159D2051A5EBFDB0013B37F /* image@3x.jpg in Resources */ = {isa = PBXBuildFile; fileRef = 5159D1DC1A5EBFDB0013B37F /* image@3x.jpg */; };
		5159D2061A5EBFDB0013B37F /* image2.jpg in Resources */ = {isa = PBXBuildFile; fileRef = 5159D1DD1A5EBFDB0013B37F /* image2.jpg */; };
		5159D2071A5EBFDB0013B37F /* image2@2x.jpg in Resources */ = {isa = PBXBuildFile; fileRef = 5159D1DE1A5EBFDB0013B37F /* image2@2x.jpg */; };
		5159D2081A5EBFDB0013B37F /* image2@3x.jpg in Resources */ = {isa = PBXBuildFile; fileRef = 5159D1DF1A5EBFDB0013B37F /* image2@3x.jpg */; };
		5159D2091A5EBFDB0013B37F /* image3.jpg in Resources */ = {isa = PBXBuildFile; fileRef = 5159D1E01A5EBFDB0013B37F /* image3.jpg */; };
		5159D20A1A5EBFDB0013B37F /* image3@2x.jpg in Resources */ = {isa = PBXBuildFile; fileRef = 5159D1E11A5EBFDB0013B37F /* image3@2x.jpg */; };
		5159D20B1A5EBFDB0013B37F /* image3@3x.jpg in Resources */ = {isa = PBXBuildFile; fileRef = 5159D1E21A5EBFDB0013B37F /* image3@3x.jpg */; };
		5159D20C1A5EBFDB0013B37F /* image4.jpg in Resources */ = {isa = PBXBuildFile; fileRef = 5159D1E31A5EBFDB0013B37F /* image4.jpg */; };
		5159D20D1A5EBFDB0013B37F /* image4@2x.jpg in Resources */ = {isa = PBXBuildFile; fileRef = 5159D1E41A5EBFDB0013B37F /* image4@2x.jpg */; };
		5159D20E1A5EBFDB0013B37F /* image4@3x.jpg in Resources */ = {isa = PBXBuildFile; fileRef = 5159D1E51A5EBFDB0013B37F /* image4@3x.jpg */; };
		5159D20F1A5EBFDB0013B37F /* image5.jpg in Resources */ = {isa = PBXBuildFile; fileRef = 5159D1E61A5EBFDB0013B37F /* image5.jpg */; };
		5159D2101A5EBFDB0013B37F /* image5@2x.jpg in Resources */ = {isa = PBXBuildFile; fileRef = 5159D1E71A5EBFDB0013B37F /* image5@2x.jpg */; };
		5159D2111A5EBFDB0013B37F /* image6.jpg in Resources */ = {isa = PBXBuildFile; fileRef = 5159D1E81A5EBFDB0013B37F /* image6.jpg */; };
		5159D2121A5EBFDB0013B37F /* image6@2x.jpg in Resources */ = {isa = PBXBuildFile; fileRef = 5159D1E91A5EBFDB0013B37F /* image6@2x.jpg */; };
		5159D2131A5EBFDB0013B37F /* image6@3x.jpg in Resources */ = {isa = PBXBuildFile; fileRef = 5159D1EA1A5EBFDB0013B37F /* image6@3x.jpg */; };
		5159D2141A5EBFDB0013B37F /* image7.jpg in Resources */ = {isa = PBXBuildFile; fileRef = 5159D1EB1A5EBFDB0013B37F /* image7.jpg */; };
		5159D2151A5EBFDB0013B37F /* image7@2x.jpg in Resources */ = {isa = PBXBuildFile; fileRef = 5159D1EC1A5EBFDB0013B37F /* image7@2x.jpg */; };
		5159D2161A5EBFDB0013B37F /* image7@3x.jpg in Resources */ = {isa = PBXBuildFile; fileRef = 5159D1ED1A5EBFDB0013B37F /* image7@3x.jpg */; };
		5159D2171A5EBFDB0013B37F /* image8.png in Resources */ = {isa = PBXBuildFile; fileRef = 5159D1EE1A5EBFDB0013B37F /* image8.png */; };
		5159D2181A5EBFDB0013B37F /* image9.jpg in Resources */ = {isa = PBXBuildFile; fileRef = 5159D1EF1A5EBFDB0013B37F /* image9.jpg */; };
		5159D2191A5EBFDB0013B37F /* image9@2x.jpg in Resources */ = {isa = PBXBuildFile; fileRef = 5159D1F01A5EBFDB0013B37F /* image9@2x.jpg */; };
		5159D21A1A5EBFDB0013B37F /* image10@2x.jpg in Resources */ = {isa = PBXBuildFile; fileRef = 5159D1F11A5EBFDB0013B37F /* image10@2x.jpg */; };
		5159D21B1A5EBFDB0013B37F /* image11@2x.jpg in Resources */ = {isa = PBXBuildFile; fileRef = 5159D1F21A5EBFDB0013B37F /* image11@2x.jpg */; };
		5159D21C1A5EBFDB0013B37F /* image12@2x.jpg in Resources */ = {isa = PBXBuildFile; fileRef = 5159D1F31A5EBFDB0013B37F /* image12@2x.jpg */; };
		5159D21D1A5EBFDB0013B37F /* image13@2x.jpg in Resources */ = {isa = PBXBuildFile; fileRef = 5159D1F41A5EBFDB0013B37F /* image13@2x.jpg */; };
		5159D21E1A5EBFDB0013B37F /* instapic.jpg in Resources */ = {isa = PBXBuildFile; fileRef = 5159D1F51A5EBFDB0013B37F /* instapic.jpg */; };
		5159D21F1A5EBFDB0013B37F /* instapic@2x.jpg in Resources */ = {isa = PBXBuildFile; fileRef = 5159D1F61A5EBFDB0013B37F /* instapic@2x.jpg */; };
		5159D2201A5EBFDB0013B37F /* instapic@3x.jpg in Resources */ = {isa = PBXBuildFile; fileRef = 5159D1F71A5EBFDB0013B37F /* instapic@3x.jpg */; };
		5159D2211A5EBFDB0013B37F /* ironMan.jpg in Resources */ = {isa = PBXBuildFile; fileRef = 5159D1F81A5EBFDB0013B37F /* ironMan.jpg */; };
		5159D2221A5EBFDB0013B37F /* ironMan@2x.jpg in Resources */ = {isa = PBXBuildFile; fileRef = 5159D1F91A5EBFDB0013B37F /* ironMan@2x.jpg */; };
		5159D2231A5EBFDB0013B37F /* ironMan@3x.jpg in Resources */ = {isa = PBXBuildFile; fileRef = 5159D1FA1A5EBFDB0013B37F /* ironMan@3x.jpg */; };
		5159D2241A5EBFDB0013B37F /* r8.png in Resources */ = {isa = PBXBuildFile; fileRef = 5159D1FB1A5EBFDB0013B37F /* r8.png */; };
		5159D2251A5EBFDB0013B37F /* r8@2x.png in Resources */ = {isa = PBXBuildFile; fileRef = 5159D1FC1A5EBFDB0013B37F /* r8@2x.png */; };
		5159D2261A5EBFDB0013B37F /* r8@3x.png in Resources */ = {isa = PBXBuildFile; fileRef = 5159D1FD1A5EBFDB0013B37F /* r8@3x.png */; };
		5159D2271A5EBFDB0013B37F /* Screen Shot 2015-01-07 at 8.15.33 AM.png in Resources */ = {isa = PBXBuildFile; fileRef = 5159D1FE1A5EBFDB0013B37F /* Screen Shot 2015-01-07 at 8.15.33 AM.png */; };
		51D7496F1A5C382B00D10666 /* InspiratiocCView.m in Sources */ = {isa = PBXBuildFile; fileRef = 51D7496E1A5C382B00D10666 /* InspiratiocCView.m */; };
		51D749D81A5DC36200D10666 /* TeslaIClass.m in Sources */ = {isa = PBXBuildFile; fileRef = 51D749D71A5DC36200D10666 /* TeslaIClass.m */; };
		51D749E31A5DDC4400D10666 /* JobsI.m in Sources */ = {isa = PBXBuildFile; fileRef = 51D749E21A5DDC4400D10666 /* JobsI.m */; };
		51D74A621A5DF36800D10666 /* SpielI.m in Sources */ = {isa = PBXBuildFile; fileRef = 51D74A611A5DF36800D10666 /* SpielI.m */; };
		51D74AFC1A5E1A9800D10666 /* AboutMe.m in Sources */ = {isa = PBXBuildFile; fileRef = 51D74AFB1A5E1A9800D10666 /* AboutMe.m */; };
		51E1C6531A5B81DA0081F458 /* main.m in Sources */ = {isa = PBXBuildFile; fileRef = 51E1C6521A5B81DA0081F458 /* main.m */; };
		51E1C6561A5B81DA0081F458 /* AppDelegate.m in Sources */ = {isa = PBXBuildFile; fileRef = 51E1C6551A5B81DA0081F458 /* AppDelegate.m */; };
		51E1C6591A5B81DA0081F458 /* ViewController.m in Sources */ = {isa = PBXBuildFile; fileRef = 51E1C6581A5B81DA0081F458 /* ViewController.m */; };
		51E1C65C1A5B81DA0081F458 /* Main.storyboard in Resources */ = {isa = PBXBuildFile; fileRef = 51E1C65A1A5B81DA0081F458 /* Main.storyboard */; };
		51E1C65E1A5B81DA0081F458 /* Images.xcassets in Resources */ = {isa = PBXBuildFile; fileRef = 51E1C65D1A5B81DA0081F458 /* Images.xcassets */; };
		51E1C6611A5B81DA0081F458 /* LaunchScreen.xib in Resources */ = {isa = PBXBuildFile; fileRef = 51E1C65F1A5B81DA0081F458 /* LaunchScreen.xib */; };
		51E1C66D1A5B81DA0081F458 /* Shubham_s_GHPTests.m in Sources */ = {isa = PBXBuildFile; fileRef = 51E1C66C1A5B81DA0081F458 /* Shubham_s_GHPTests.m */; };
		51E1C6801A5B9A000081F458 /* StyleKitName.m in Sources */ = {isa = PBXBuildFile; fileRef = 51E1C67C1A5B9A000081F458 /* StyleKitName.m */; };
		51E1C6861A5B9BFE0081F458 /* PCView.m in Sources */ = {isa = PBXBuildFile; fileRef = 51E1C6851A5B9BFE0081F458 /* PCView.m */; };
/* End PBXBuildFile section */

/* Begin PBXContainerItemProxy section */
		51E1C6671A5B81DA0081F458 /* PBXContainerItemProxy */ = {
			isa = PBXContainerItemProxy;
			containerPortal = 51E1C6451A5B81DA0081F458 /* Project object */;
			proxyType = 1;
			remoteGlobalIDString = 51E1C64C1A5B81DA0081F458;
			remoteInfo = "Shubham's GHP";
		};
/* End PBXContainerItemProxy section */

/* Begin PBXFileReference section */
		5159D1D31A5EBF5A0013B37F /* InterestsAll.h */ = {isa = PBXFileReference; fileEncoding = 4; lastKnownFileType = sourcecode.c.h; path = InterestsAll.h; sourceTree = "<group>"; };
		5159D1D41A5EBF5A0013B37F /* InterestsAll.m */ = {isa = PBXFileReference; fileEncoding = 4; lastKnownFileType = sourcecode.c.objc; path = InterestsAll.m; sourceTree = "<group>"; };
		5159D1D61A5EBFDB0013B37F /* 3x 22-51-19-252.jpg */ = {isa = PBXFileReference; lastKnownFileType = image.jpeg; path = "3x 22-51-19-252.jpg"; sourceTree = "<group>"; };
		5159D1D71A5EBFDB0013B37F /* arc.jpg */ = {isa = PBXFileReference; lastKnownFileType = image.jpeg; path = arc.jpg; sourceTree = "<group>"; };
		5159D1D81A5EBFDB0013B37F /* arc@2x.jpg */ = {isa = PBXFileReference; lastKnownFileType = image.jpeg; path = "arc@2x.jpg"; sourceTree = "<group>"; };
		5159D1D91A5EBFDB0013B37F /* arc@3x.jpg */ = {isa = PBXFileReference; lastKnownFileType = image.jpeg; path = "arc@3x.jpg"; sourceTree = "<group>"; };
		5159D1DA1A5EBFDB0013B37F /* image.jpg */ = {isa = PBXFileReference; lastKnownFileType = image.jpeg; path = image.jpg; sourceTree = "<group>"; };
		5159D1DB1A5EBFDB0013B37F /* image@2x.jpg */ = {isa = PBXFileReference; lastKnownFileType = image.jpeg; path = "image@2x.jpg"; sourceTree = "<group>"; };
		5159D1DC1A5EBFDB0013B37F /* image@3x.jpg */ = {isa = PBXFileReference; lastKnownFileType = image.jpeg; path = "image@3x.jpg"; sourceTree = "<group>"; };
		5159D1DD1A5EBFDB0013B37F /* image2.jpg */ = {isa = PBXFileReference; lastKnownFileType = image.jpeg; path = image2.jpg; sourceTree = "<group>"; };
		5159D1DE1A5EBFDB0013B37F /* image2@2x.jpg */ = {isa = PBXFileReference; lastKnownFileType = image.jpeg; path = "image2@2x.jpg"; sourceTree = "<group>"; };
		5159D1DF1A5EBFDB0013B37F /* image2@3x.jpg */ = {isa = PBXFileReference; lastKnownFileType = image.jpeg; path = "image2@3x.jpg"; sourceTree = "<group>"; };
		5159D1E01A5EBFDB0013B37F /* image3.jpg */ = {isa = PBXFileReference; lastKnownFileType = image.jpeg; path = image3.jpg; sourceTree = "<group>"; };
		5159D1E11A5EBFDB0013B37F /* image3@2x.jpg */ = {isa = PBXFileReference; lastKnownFileType = image.jpeg; path = "image3@2x.jpg"; sourceTree = "<group>"; };
		5159D1E21A5EBFDB0013B37F /* image3@3x.jpg */ = {isa = PBXFileReference; lastKnownFileType = image.jpeg; path = "image3@3x.jpg"; sourceTree = "<group>"; };
		5159D1E31A5EBFDB0013B37F /* image4.jpg */ = {isa = PBXFileReference; lastKnownFileType = image.jpeg; path = image4.jpg; sourceTree = "<group>"; };
		5159D1E41A5EBFDB0013B37F /* image4@2x.jpg */ = {isa = PBXFileReference; lastKnownFileType = image.jpeg; path = "image4@2x.jpg"; sourceTree = "<group>"; };
		5159D1E51A5EBFDB0013B37F /* image4@3x.jpg */ = {isa = PBXFileReference; lastKnownFileType = image.jpeg; path = "image4@3x.jpg"; sourceTree = "<group>"; };
		5159D1E61A5EBFDB0013B37F /* image5.jpg */ = {isa = PBXFileReference; lastKnownFileType = image.jpeg; path = image5.jpg; sourceTree = "<group>"; };
		5159D1E71A5EBFDB0013B37F /* image5@2x.jpg */ = {isa = PBXFileReference; lastKnownFileType = image.jpeg; path = "image5@2x.jpg"; sourceTree = "<group>"; };
		5159D1E81A5EBFDB0013B37F /* image6.jpg */ = {isa = PBXFileReference; lastKnownFileType = image.jpeg; path = image6.jpg; sourceTree = "<group>"; };
		5159D1E91A5EBFDB0013B37F /* image6@2x.jpg */ = {isa = PBXFileReference; lastKnownFileType = image.jpeg; path = "image6@2x.jpg"; sourceTree = "<group>"; };
		5159D1EA1A5EBFDB0013B37F /* image6@3x.jpg */ = {isa = PBXFileReference; lastKnownFileType = image.jpeg; path = "image6@3x.jpg"; sourceTree = "<group>"; };
		5159D1EB1A5EBFDB0013B37F /* image7.jpg */ = {isa = PBXFileReference; lastKnownFileType = image.jpeg; path = image7.jpg; sourceTree = "<group>"; };
		5159D1EC1A5EBFDB0013B37F /* image7@2x.jpg */ = {isa = PBXFileReference; lastKnownFileType = image.jpeg; path = "image7@2x.jpg"; sourceTree = "<group>"; };
		5159D1ED1A5EBFDB0013B37F /* image7@3x.jpg */ = {isa = PBXFileReference; lastKnownFileType = image.jpeg; path = "image7@3x.jpg"; sourceTree = "<group>"; };
		5159D1EE1A5EBFDB0013B37F /* image8.png */ = {isa = PBXFileReference; lastKnownFileType = image.png; path = image8.png; sourceTree = "<group>"; };
		5159D1EF1A5EBFDB0013B37F /* image9.jpg */ = {isa = PBXFileReference; lastKnownFileType = image.jpeg; path = image9.jpg; sourceTree = "<group>"; };
		5159D1F01A5EBFDB0013B37F /* image9@2x.jpg */ = {isa = PBXFileReference; lastKnownFileType = image.jpeg; path = "image9@2x.jpg"; sourceTree = "<group>"; };
		5159D1F11A5EBFDB0013B37F /* image10@2x.jpg */ = {isa = PBXFileReference; lastKnownFileType = image.jpeg; path = "image10@2x.jpg"; sourceTree = "<group>"; };
		5159D1F21A5EBFDB0013B37F /* image11@2x.jpg */ = {isa = PBXFileReference; lastKnownFileType = image.jpeg; path = "image11@2x.jpg"; sourceTree = "<group>"; };
		5159D1F31A5EBFDB0013B37F /* image12@2x.jpg */ = {isa = PBXFileReference; lastKnownFileType = image.jpeg; path = "image12@2x.jpg"; sourceTree = "<group>"; };
		5159D1F41A5EBFDB0013B37F /* image13@2x.jpg */ = {isa = PBXFileReference; lastKnownFileType = image.jpeg; path = "image13@2x.jpg"; sourceTree = "<group>"; };
		5159D1F51A5EBFDB0013B37F /* instapic.jpg */ = {isa = PBXFileReference; lastKnownFileType = image.jpeg; path = instapic.jpg; sourceTree = "<group>"; };
		5159D1F61A5EBFDB0013B37F /* instapic@2x.jpg */ = {isa = PBXFileReference; lastKnownFileType = image.jpeg; path = "instapic@2x.jpg"; sourceTree = "<group>"; };
		5159D1F71A5EBFDB0013B37F /* instapic@3x.jpg */ = {isa = PBXFileReference; lastKnownFileType = image.jpeg; path = "instapic@3x.jpg"; sourceTree = "<group>"; };
		5159D1F81A5EBFDB0013B37F /* ironMan.jpg */ = {isa = PBXFileReference; lastKnownFileType = image.jpeg; path = ironMan.jpg; sourceTree = "<group>"; };
		5159D1F91A5EBFDB0013B37F /* ironMan@2x.jpg */ = {isa = PBXFileReference; lastKnownFileType = image.jpeg; path = "ironMan@2x.jpg"; sourceTree = "<group>"; };
		5159D1FA1A5EBFDB0013B37F /* ironMan@3x.jpg */ = {isa = PBXFileReference; lastKnownFileType = image.jpeg; path = "ironMan@3x.jpg"; sourceTree = "<group>"; };
		5159D1FB1A5EBFDB0013B37F /* r8.png */ = {isa = PBXFileReference; lastKnownFileType = image.png; path = r8.png; sourceTree = "<group>"; };
		5159D1FC1A5EBFDB0013B37F /* r8@2x.png */ = {isa = PBXFileReference; lastKnownFileType = image.png; path = "r8@2x.png"; sourceTree = "<group>"; };
		5159D1FD1A5EBFDB0013B37F /* r8@3x.png */ = {isa = PBXFileReference; lastKnownFileType = image.png; path = "r8@3x.png"; sourceTree = "<group>"; };
		5159D1FE1A5EBFDB0013B37F /* Screen Shot 2015-01-07 at 8.15.33 AM.png */ = {isa = PBXFileReference; lastKnownFileType = image.png; path = "Screen Shot 2015-01-07 at 8.15.33 AM.png"; sourceTree = "<group>"; };
		51D7496D1A5C382B00D10666 /* InspiratiocCView.h */ = {isa = PBXFileReference; fileEncoding = 4; lastKnownFileType = sourcecode.c.h; name = InspiratiocCView.h; path = "Shubham's GHP/InspiratiocCView.h"; sourceTree = "<group>"; };
		51D7496E1A5C382B00D10666 /* InspiratiocCView.m */ = {isa = PBXFileReference; fileEncoding = 4; lastKnownFileType = sourcecode.c.objc; name = InspiratiocCView.m; path = "Shubham's GHP/InspiratiocCView.m"; sourceTree = "<group>"; };
		51D749D61A5DC36200D10666 /* TeslaIClass.h */ = {isa = PBXFileReference; fileEncoding = 4; lastKnownFileType = sourcecode.c.h; name = TeslaIClass.h; path = "Shubham's GHP/TeslaIClass.h"; sourceTree = "<group>"; };
		51D749D71A5DC36200D10666 /* TeslaIClass.m */ = {isa = PBXFileReference; fileEncoding = 4; lastKnownFileType = sourcecode.c.objc; name = TeslaIClass.m; path = "Shubham's GHP/TeslaIClass.m"; sourceTree = "<group>"; };
		51D749E11A5DDC4400D10666 /* JobsI.h */ = {isa = PBXFileReference; fileEncoding = 4; lastKnownFileType = sourcecode.c.h; name = JobsI.h; path = "Shubham's GHP/JobsI.h"; sourceTree = "<group>"; };
		51D749E21A5DDC4400D10666 /* JobsI.m */ = {isa = PBXFileReference; fileEncoding = 4; lastKnownFileType = sourcecode.c.objc; name = JobsI.m; path = "Shubham's GHP/JobsI.m"; sourceTree = "<group>"; };
		51D74A601A5DF36800D10666 /* SpielI.h */ = {isa = PBXFileReference; fileEncoding = 4; lastKnownFileType = sourcecode.c.h; name = SpielI.h; path = "Shubham's GHP/SpielI.h"; sourceTree = "<group>"; };
		51D74A611A5DF36800D10666 /* SpielI.m */ = {isa = PBXFileReference; fileEncoding = 4; lastKnownFileType = sourcecode.c.objc; name = SpielI.m; path = "Shubham's GHP/SpielI.m"; sourceTree = "<group>"; };
		51D74AFA1A5E1A9800D10666 /* AboutMe.h */ = {isa = PBXFileReference; fileEncoding = 4; lastKnownFileType = sourcecode.c.h; name = AboutMe.h; path = "Shubham's GHP/AboutMe.h"; sourceTree = "<group>"; };
		51D74AFB1A5E1A9800D10666 /* AboutMe.m */ = {isa = PBXFileReference; fileEncoding = 4; lastKnownFileType = sourcecode.c.objc; name = AboutMe.m; path = "Shubham's GHP/AboutMe.m"; sourceTree = "<group>"; };
		51E1C64D1A5B81DA0081F458 /* Shubham's GHP.app */ = {isa = PBXFileReference; explicitFileType = wrapper.application; includeInIndex = 0; path = "Shubham's GHP.app"; sourceTree = BUILT_PRODUCTS_DIR; };
		51E1C6511A5B81DA0081F458 /* Info.plist */ = {isa = PBXFileReference; lastKnownFileType = text.plist.xml; path = Info.plist; sourceTree = "<group>"; };
		51E1C6521A5B81DA0081F458 /* main.m */ = {isa = PBXFileReference; lastKnownFileType = sourcecode.c.objc; path = main.m; sourceTree = "<group>"; };
		51E1C6541A5B81DA0081F458 /* AppDelegate.h */ = {isa = PBXFileReference; lastKnownFileType = sourcecode.c.h; path = AppDelegate.h; sourceTree = "<group>"; };
		51E1C6551A5B81DA0081F458 /* AppDelegate.m */ = {isa = PBXFileReference; lastKnownFileType = sourcecode.c.objc; path = AppDelegate.m; sourceTree = "<group>"; };
		51E1C6571A5B81DA0081F458 /* ViewController.h */ = {isa = PBXFileReference; lastKnownFileType = sourcecode.c.h; path = ViewController.h; sourceTree = "<group>"; };
		51E1C6581A5B81DA0081F458 /* ViewController.m */ = {isa = PBXFileReference; lastKnownFileType = sourcecode.c.objc; path = ViewController.m; sourceTree = "<group>"; };
		51E1C65B1A5B81DA0081F458 /* Base */ = {isa = PBXFileReference; lastKnownFileType = file.storyboard; name = Base; path = Base.lproj/Main.storyboard; sourceTree = "<group>"; };
		51E1C65D1A5B81DA0081F458 /* Images.xcassets */ = {isa = PBXFileReference; lastKnownFileType = folder.assetcatalog; path = Images.xcassets; sourceTree = "<group>"; };
		51E1C6601A5B81DA0081F458 /* Base */ = {isa = PBXFileReference; lastKnownFileType = file.xib; name = Base; path = Base.lproj/LaunchScreen.xib; sourceTree = "<group>"; };
		51E1C6661A5B81DA0081F458 /* Shubham's GHPTests.xctest */ = {isa = PBXFileReference; explicitFileType = wrapper.cfbundle; includeInIndex = 0; path = "Shubham's GHPTests.xctest"; sourceTree = BUILT_PRODUCTS_DIR; };
		51E1C66B1A5B81DA0081F458 /* Info.plist */ = {isa = PBXFileReference; lastKnownFileType = text.plist.xml; path = Info.plist; sourceTree = "<group>"; };
		51E1C66C1A5B81DA0081F458 /* Shubham_s_GHPTests.m */ = {isa = PBXFileReference; lastKnownFileType = sourcecode.c.objc; path = Shubham_s_GHPTests.m; sourceTree = "<group>"; };
		51E1C67B1A5B9A000081F458 /* StyleKitName.h */ = {isa = PBXFileReference; fileEncoding = 4; lastKnownFileType = sourcecode.c.h; name = StyleKitName.h; path = paintcode/StyleKitName.h; sourceTree = "<group>"; };
		51E1C67C1A5B9A000081F458 /* StyleKitName.m */ = {isa = PBXFileReference; fileEncoding = 4; lastKnownFileType = sourcecode.c.objc; name = StyleKitName.m; path = paintcode/StyleKitName.m; sourceTree = "<group>"; };
		51E1C6841A5B9BFE0081F458 /* PCView.h */ = {isa = PBXFileReference; fileEncoding = 4; lastKnownFileType = sourcecode.c.h; name = PCView.h; path = "Shubham's GHP/PCView.h"; sourceTree = "<group>"; };
		51E1C6851A5B9BFE0081F458 /* PCView.m */ = {isa = PBXFileReference; fileEncoding = 4; lastKnownFileType = sourcecode.c.objc; name = PCView.m; path = "Shubham's GHP/PCView.m"; sourceTree = "<group>"; };
/* End PBXFileReference section */

/* Begin PBXFrameworksBuildPhase section */
		51E1C64A1A5B81DA0081F458 /* Frameworks */ = {
			isa = PBXFrameworksBuildPhase;
			buildActionMask = 2147483647;
			files = (
			);
			runOnlyForDeploymentPostprocessing = 0;
		};
		51E1C6631A5B81DA0081F458 /* Frameworks */ = {
			isa = PBXFrameworksBuildPhase;
			buildActionMask = 2147483647;
			files = (
			);
			runOnlyForDeploymentPostprocessing = 0;
		};
/* End PBXFrameworksBuildPhase section */

/* Begin PBXGroup section */
		5159D2281A5EF01F0013B37F /* classes */ = {
			isa = PBXGroup;
			children = (
				5159D1D31A5EBF5A0013B37F /* InterestsAll.h */,
				5159D1D41A5EBF5A0013B37F /* InterestsAll.m */,
				51D74AFA1A5E1A9800D10666 /* AboutMe.h */,
				51D74AFB1A5E1A9800D10666 /* AboutMe.m */,
				51D749D61A5DC36200D10666 /* TeslaIClass.h */,
				51D749D71A5DC36200D10666 /* TeslaIClass.m */,
				51D74A601A5DF36800D10666 /* SpielI.h */,
				51D74A611A5DF36800D10666 /* SpielI.m */,
				51D7496D1A5C382B00D10666 /* InspiratiocCView.h */,
				51D7496E1A5C382B00D10666 /* InspiratiocCView.m */,
				51D749E11A5DDC4400D10666 /* JobsI.h */,
				51D749E21A5DDC4400D10666 /* JobsI.m */,
				51E1C6841A5B9BFE0081F458 /* PCView.h */,
				51E1C6851A5B9BFE0081F458 /* PCView.m */,
			);
			name = classes;
			sourceTree = "<group>";
		};
		51E1C6441A5B81DA0081F458 = {
			isa = PBXGroup;
			children = (
				5159D2281A5EF01F0013B37F /* classes */,
				51E1C64F1A5B81DA0081F458 /* Shubham's GHP */,
				51E1C6691A5B81DA0081F458 /* Shubham's GHPTests */,
				51E1C64E1A5B81DA0081F458 /* Products */,
			);
			sourceTree = "<group>";
		};
		51E1C64E1A5B81DA0081F458 /* Products */ = {
			isa = PBXGroup;
			children = (
				51E1C64D1A5B81DA0081F458 /* Shubham's GHP.app */,
				51E1C6661A5B81DA0081F458 /* Shubham's GHPTests.xctest */,
			);
			name = Products;
			sourceTree = "<group>";
		};
		51E1C64F1A5B81DA0081F458 /* Shubham's GHP */ = {
			isa = PBXGroup;
			children = (
				51E1C6771A5B9A000081F458 /* images */,
				51E1C67B1A5B9A000081F458 /* StyleKitName.h */,
				51E1C67C1A5B9A000081F458 /* StyleKitName.m */,
				51E1C6541A5B81DA0081F458 /* AppDelegate.h */,
				51E1C6551A5B81DA0081F458 /* AppDelegate.m */,
				51E1C6571A5B81DA0081F458 /* ViewController.h */,
				51E1C6581A5B81DA0081F458 /* ViewController.m */,
				51E1C65A1A5B81DA0081F458 /* Main.storyboard */,
				51E1C65D1A5B81DA0081F458 /* Images.xcassets */,
				51E1C65F1A5B81DA0081F458 /* LaunchScreen.xib */,
				51E1C6501A5B81DA0081F458 /* Supporting Files */,
			);
			path = "Shubham's GHP";
			sourceTree = "<group>";
		};
		51E1C6501A5B81DA0081F458 /* Supporting Files */ = {
			isa = PBXGroup;
			children = (
				51E1C6511A5B81DA0081F458 /* Info.plist */,
				51E1C6521A5B81DA0081F458 /* main.m */,
			);
			name = "Supporting Files";
			sourceTree = "<group>";
		};
		51E1C6691A5B81DA0081F458 /* Shubham's GHPTests */ = {
			isa = PBXGroup;
			children = (
				51E1C66C1A5B81DA0081F458 /* Shubham_s_GHPTests.m */,
				51E1C66A1A5B81DA0081F458 /* Supporting Files */,
			);
			path = "Shubham's GHPTests";
			sourceTree = "<group>";
		};
		51E1C66A1A5B81DA0081F458 /* Supporting Files */ = {
			isa = PBXGroup;
			children = (
				51E1C66B1A5B81DA0081F458 /* Info.plist */,
			);
			name = "Supporting Files";
			sourceTree = "<group>";
		};
		51E1C6771A5B9A000081F458 /* images */ = {
			isa = PBXGroup;
			children = (
				5159D1D61A5EBFDB0013B37F /* 3x 22-51-19-252.jpg */,
				5159D1D71A5EBFDB0013B37F /* arc.jpg */,
				5159D1D81A5EBFDB0013B37F /* arc@2x.jpg */,
				5159D1D91A5EBFDB0013B37F /* arc@3x.jpg */,
				5159D1DA1A5EBFDB0013B37F /* image.jpg */,
				5159D1DB1A5EBFDB0013B37F /* image@2x.jpg */,
				5159D1DC1A5EBFDB0013B37F /* image@3x.jpg */,
				5159D1DD1A5EBFDB0013B37F /* image2.jpg */,
				5159D1DE1A5EBFDB0013B37F /* image2@2x.jpg */,
				5159D1DF1A5EBFDB0013B37F /* image2@3x.jpg */,
				5159D1E01A5EBFDB0013B37F /* image3.jpg */,
				5159D1E11A5EBFDB0013B37F /* image3@2x.jpg */,
				5159D1E21A5EBFDB0013B37F /* image3@3x.jpg */,
				5159D1E31A5EBFDB0013B37F /* image4.jpg */,
				5159D1E41A5EBFDB0013B37F /* image4@2x.jpg */,
				5159D1E51A5EBFDB0013B37F /* image4@3x.jpg */,
				5159D1E61A5EBFDB0013B37F /* image5.jpg */,
				5159D1E71A5EBFDB0013B37F /* image5@2x.jpg */,
				5159D1E81A5EBFDB0013B37F /* image6.jpg */,
				5159D1E91A5EBFDB0013B37F /* image6@2x.jpg */,
				5159D1EA1A5EBFDB0013B37F /* image6@3x.jpg */,
				5159D1EB1A5EBFDB0013B37F /* image7.jpg */,
				5159D1EC1A5EBFDB0013B37F /* image7@2x.jpg */,
				5159D1ED1A5EBFDB0013B37F /* image7@3x.jpg */,
				5159D1EE1A5EBFDB0013B37F /* image8.png */,
				5159D1EF1A5EBFDB0013B37F /* image9.jpg */,
				5159D1F01A5EBFDB0013B37F /* image9@2x.jpg */,
				5159D1F11A5EBFDB0013B37F /* image10@2x.jpg */,
				5159D1F21A5EBFDB0013B37F /* image11@2x.jpg */,
				5159D1F31A5EBFDB0013B37F /* image12@2x.jpg */,
				5159D1F41A5EBFDB0013B37F /* image13@2x.jpg */,
				5159D1F51A5EBFDB0013B37F /* instapic.jpg */,
				5159D1F61A5EBFDB0013B37F /* instapic@2x.jpg */,
				5159D1F71A5EBFDB0013B37F /* instapic@3x.jpg */,
				5159D1F81A5EBFDB0013B37F /* ironMan.jpg */,
				5159D1F91A5EBFDB0013B37F /* ironMan@2x.jpg */,
				5159D1FA1A5EBFDB0013B37F /* ironMan@3x.jpg */,
				5159D1FB1A5EBFDB0013B37F /* r8.png */,
				5159D1FC1A5EBFDB0013B37F /* r8@2x.png */,
				5159D1FD1A5EBFDB0013B37F /* r8@3x.png */,
				5159D1FE1A5EBFDB0013B37F /* Screen Shot 2015-01-07 at 8.15.33 AM.png */,
			);
			name = images;
			path = paintcode/images;
			sourceTree = "<group>";
		};
/* End PBXGroup section */

/* Begin PBXNativeTarget section */
		51E1C64C1A5B81DA0081F458 /* Shubham's GHP */ = {
			isa = PBXNativeTarget;
			buildConfigurationList = 51E1C6701A5B81DA0081F458 /* Build configuration list for PBXNativeTarget "Shubham's GHP" */;
			buildPhases = (
				51E1C6491A5B81DA0081F458 /* Sources */,
				51E1C64A1A5B81DA0081F458 /* Frameworks */,
				51E1C64B1A5B81DA0081F458 /* Resources */,
			);
			buildRules = (
			);
			dependencies = (
			);
			name = "Shubham's GHP";
			productName = "Shubham's GHP";
			productReference = 51E1C64D1A5B81DA0081F458 /* Shubham's GHP.app */;
			productType = "com.apple.product-type.application";
		};
		51E1C6651A5B81DA0081F458 /* Shubham's GHPTests */ = {
			isa = PBXNativeTarget;
			buildConfigurationList = 51E1C6731A5B81DA0081F458 /* Build configuration list for PBXNativeTarget "Shubham's GHPTests" */;
			buildPhases = (
				51E1C6621A5B81DA0081F458 /* Sources */,
				51E1C6631A5B81DA0081F458 /* Frameworks */,
				51E1C6641A5B81DA0081F458 /* Resources */,
			);
			buildRules = (
			);
			dependencies = (
				51E1C6681A5B81DA0081F458 /* PBXTargetDependency */,
			);
			name = "Shubham's GHPTests";
			productName = "Shubham's GHPTests";
			productReference = 51E1C6661A5B81DA0081F458 /* Shubham's GHPTests.xctest */;
			productType = "com.apple.product-type.bundle.unit-test";
		};
/* End PBXNativeTarget section */

/* Begin PBXProject section */
		51E1C6451A5B81DA0081F458 /* Project object */ = {
			isa = PBXProject;
			attributes = {
				LastUpgradeCheck = 0610;
				ORGANIZATIONNAME = "Sylvr Productions";
				TargetAttributes = {
					51E1C64C1A5B81DA0081F458 = {
						CreatedOnToolsVersion = 6.1.1;
					};
					51E1C6651A5B81DA0081F458 = {
						CreatedOnToolsVersion = 6.1.1;
						TestTargetID = 51E1C64C1A5B81DA0081F458;
					};
				};
			};
			buildConfigurationList = 51E1C6481A5B81DA0081F458 /* Build configuration list for PBXProject "Shubham's GHP" */;
			compatibilityVersion = "Xcode 3.2";
			developmentRegion = English;
			hasScannedForEncodings = 0;
			knownRegions = (
				en,
				Base,
			);
			mainGroup = 51E1C6441A5B81DA0081F458;
			productRefGroup = 51E1C64E1A5B81DA0081F458 /* Products */;
			projectDirPath = "";
			projectRoot = "";
			targets = (
				51E1C64C1A5B81DA0081F458 /* Shubham's GHP */,
				51E1C6651A5B81DA0081F458 /* Shubham's GHPTests */,
			);
		};
/* End PBXProject section */

/* Begin PBXResourcesBuildPhase section */
		51E1C64B1A5B81DA0081F458 /* Resources */ = {
			isa = PBXResourcesBuildPhase;
			buildActionMask = 2147483647;
			files = (
				5159D2171A5EBFDB0013B37F /* image8.png in Resources */,
				5159D2061A5EBFDB0013B37F /* image2.jpg in Resources */,
				5159D20F1A5EBFDB0013B37F /* image5.jpg in Resources */,
				5159D21F1A5EBFDB0013B37F /* instapic@2x.jpg in Resources */,
				5159D2111A5EBFDB0013B37F /* image6.jpg in Resources */,
				51E1C65C1A5B81DA0081F458 /* Main.storyboard in Resources */,
				5159D2001A5EBFDB0013B37F /* arc.jpg in Resources */,
				5159D20C1A5EBFDB0013B37F /* image4.jpg in Resources */,
				5159D2251A5EBFDB0013B37F /* r8@2x.png in Resources */,
				5159D2261A5EBFDB0013B37F /* r8@3x.png in Resources */,
				5159D2241A5EBFDB0013B37F /* r8.png in Resources */,
				5159D21A1A5EBFDB0013B37F /* image10@2x.jpg in Resources */,
				5159D20E1A5EBFDB0013B37F /* image4@3x.jpg in Resources */,
				5159D1FF1A5EBFDB0013B37F /* 3x 22-51-19-252.jpg in Resources */,
				5159D2131A5EBFDB0013B37F /* image6@3x.jpg in Resources */,
				5159D2031A5EBFDB0013B37F /* image.jpg in Resources */,
				5159D21B1A5EBFDB0013B37F /* image11@2x.jpg in Resources */,
				5159D2091A5EBFDB0013B37F /* image3.jpg in Resources */,
				5159D2011A5EBFDB0013B37F /* arc@2x.jpg in Resources */,
				51E1C6611A5B81DA0081F458 /* LaunchScreen.xib in Resources */,
				5159D20D1A5EBFDB0013B37F /* image4@2x.jpg in Resources */,
				5159D2071A5EBFDB0013B37F /* image2@2x.jpg in Resources */,
				5159D2081A5EBFDB0013B37F /* image2@3x.jpg in Resources */,
				5159D2211A5EBFDB0013B37F /* ironMan.jpg in Resources */,
				5159D21E1A5EBFDB0013B37F /* instapic.jpg in Resources */,
				5159D2141A5EBFDB0013B37F /* image7.jpg in Resources */,
				5159D2201A5EBFDB0013B37F /* instapic@3x.jpg in Resources */,
				5159D2101A5EBFDB0013B37F /* image5@2x.jpg in Resources */,
				51E1C65E1A5B81DA0081F458 /* Images.xcassets in Resources */,
				5159D2051A5EBFDB0013B37F /* image@3x.jpg in Resources */,
				5159D2181A5EBFDB0013B37F /* image9.jpg in Resources */,
				5159D21C1A5EBFDB0013B37F /* image12@2x.jpg in Resources */,
				5159D2121A5EBFDB0013B37F /* image6@2x.jpg in Resources */,
				5159D2221A5EBFDB0013B37F /* ironMan@2x.jpg in Resources */,
				5159D20A1A5EBFDB0013B37F /* image3@2x.jpg in Resources */,
				5159D2191A5EBFDB0013B37F /* image9@2x.jpg in Resources */,
				5159D21D1A5EBFDB0013B37F /* image13@2x.jpg in Resources */,
				5159D2161A5EBFDB0013B37F /* image7@3x.jpg in Resources */,
				5159D2151A5EBFDB0013B37F /* image7@2x.jpg in Resources */,
				5159D2231A5EBFDB0013B37F /* ironMan@3x.jpg in Resources */,
				5159D20B1A5EBFDB0013B37F /* image3@3x.jpg in Resources */,
				5159D2021A5EBFDB0013B37F /* arc@3x.jpg in Resources */,
				5159D2271A5EBFDB0013B37F /* Screen Shot 2015-01-07 at 8.15.33 AM.png in Resources */,
				5159D2041A5EBFDB0013B37F /* image@2x.jpg in Resources */,
			);
			runOnlyForDeploymentPostprocessing = 0;
		};
		51E1C6641A5B81DA0081F458 /* Resources */ = {
			isa = PBXResourcesBuildPhase;
			buildActionMask = 2147483647;
			files = (
			);
			runOnlyForDeploymentPostprocessing = 0;
		};
/* End PBXResourcesBuildPhase section */

/* Begin PBXSourcesBuildPhase section */
		51E1C6491A5B81DA0081F458 /* Sources */ = {
			isa = PBXSourcesBuildPhase;
			buildActionMask = 2147483647;
			files = (
				51E1C6591A5B81DA0081F458 /* ViewController.m in Sources */,
				5159D1D51A5EBF5A0013B37F /* InterestsAll.m in Sources */,
				51D749E31A5DDC4400D10666 /* JobsI.m in Sources */,
				51E1C6561A5B81DA0081F458 /* AppDelegate.m in Sources */,
				51D74AFC1A5E1A9800D10666 /* AboutMe.m in Sources */,
				51E1C6531A5B81DA0081F458 /* main.m in Sources */,
				51D74A621A5DF36800D10666 /* SpielI.m in Sources */,
				51E1C6801A5B9A000081F458 /* StyleKitName.m in Sources */,
				51D7496F1A5C382B00D10666 /* InspiratiocCView.m in Sources */,
				51E1C6861A5B9BFE0081F458 /* PCView.m in Sources */,
				51D749D81A5DC36200D10666 /* TeslaIClass.m in Sources */,
			);
			runOnlyForDeploymentPostprocessing = 0;
		};
		51E1C6621A5B81DA0081F458 /* Sources */ = {
			isa = PBXSourcesBuildPhase;
			buildActionMask = 2147483647;
			files = (
				51E1C66D1A5B81DA0081F458 /* Shubham_s_GHPTests.m in Sources */,
			);
			runOnlyForDeploymentPostprocessing = 0;
		};
/* End PBXSourcesBuildPhase section */

/* Begin PBXTargetDependency section */
		51E1C6681A5B81DA0081F458 /* PBXTargetDependency */ = {
			isa = PBXTargetDependency;
			target = 51E1C64C1A5B81DA0081F458 /* Shubham's GHP */;
			targetProxy = 51E1C6671A5B81DA0081F458 /* PBXContainerItemProxy */;
		};
/* End PBXTargetDependency section */

/* Begin PBXVariantGroup section */
		51E1C65A1A5B81DA0081F458 /* Main.storyboard */ = {
			isa = PBXVariantGroup;
			children = (
				51E1C65B1A5B81DA0081F458 /* Base */,
			);
			name = Main.storyboard;
			sourceTree = "<group>";
		};
		51E1C65F1A5B81DA0081F458 /* LaunchScreen.xib */ = {
			isa = PBXVariantGroup;
			children = (
				51E1C6601A5B81DA0081F458 /* Base */,
			);
			name = LaunchScreen.xib;
			sourceTree = "<group>";
		};
/* End PBXVariantGroup section */

/* Begin XCBuildConfiguration section */
		51E1C66E1A5B81DA0081F458 /* Debug */ = {
			isa = XCBuildConfiguration;
			buildSettings = {
				ALWAYS_SEARCH_USER_PATHS = NO;
				CLANG_CXX_LANGUAGE_STANDARD = "gnu++0x";
				CLANG_CXX_LIBRARY = "libc++";
				CLANG_ENABLE_MODULES = YES;
				CLANG_ENABLE_OBJC_ARC = YES;
				CLANG_WARN_BOOL_CONVERSION = YES;
				CLANG_WARN_CONSTANT_CONVERSION = YES;
				CLANG_WARN_DIRECT_OBJC_ISA_USAGE = YES_ERROR;
				CLANG_WARN_EMPTY_BODY = YES;
				CLANG_WARN_ENUM_CONVERSION = YES;
				CLANG_WARN_INT_CONVERSION = YES;
				CLANG_WARN_OBJC_ROOT_CLASS = YES_ERROR;
				CLANG_WARN_UNREACHABLE_CODE = YES;
				CLANG_WARN__DUPLICATE_METHOD_MATCH = YES;
				"CODE_SIGN_IDENTITY[sdk=iphoneos*]" = "iPhone Developer";
				COPY_PHASE_STRIP = NO;
				ENABLE_STRICT_OBJC_MSGSEND = YES;
				GCC_C_LANGUAGE_STANDARD = gnu99;
				GCC_DYNAMIC_NO_PIC = NO;
				GCC_OPTIMIZATION_LEVEL = 0;
				GCC_PREPROCESSOR_DEFINITIONS = (
					"DEBUG=1",
					"$(inherited)",
				);
				GCC_SYMBOLS_PRIVATE_EXTERN = NO;
				GCC_WARN_64_TO_32_BIT_CONVERSION = YES;
				GCC_WARN_ABOUT_RETURN_TYPE = YES_ERROR;
				GCC_WARN_UNDECLARED_SELECTOR = YES;
				GCC_WARN_UNINITIALIZED_AUTOS = YES_AGGRESSIVE;
				GCC_WARN_UNUSED_FUNCTION = YES;
				GCC_WARN_UNUSED_VARIABLE = YES;
				IPHONEOS_DEPLOYMENT_TARGET = 8.1;
				MTL_ENABLE_DEBUG_INFO = YES;
				ONLY_ACTIVE_ARCH = YES;
				SDKROOT = iphoneos;
			};
			name = Debug;
		};
		51E1C66F1A5B81DA0081F458 /* Release */ = {
			isa = XCBuildConfiguration;
			buildSettings = {
				ALWAYS_SEARCH_USER_PATHS = NO;
				CLANG_CXX_LANGUAGE_STANDARD = "gnu++0x";
				CLANG_CXX_LIBRARY = "libc++";
				CLANG_ENABLE_MODULES = YES;
				CLANG_ENABLE_OBJC_ARC = YES;
				CLANG_WARN_BOOL_CONVERSION = YES;
				CLANG_WARN_CONSTANT_CONVERSION = YES;
				CLANG_WARN_DIRECT_OBJC_ISA_USAGE = YES_ERROR;
				CLANG_WARN_EMPTY_BODY = YES;
				CLANG_WARN_ENUM_CONVERSION = YES;
				CLANG_WARN_INT_CONVERSION = YES;
				CLANG_WARN_OBJC_ROOT_CLASS = YES_ERROR;
				CLANG_WARN_UNREACHABLE_CODE = YES;
				CLANG_WARN__DUPLICATE_METHOD_MATCH = YES;
				"CODE_SIGN_IDENTITY[sdk=iphoneos*]" = "iPhone Developer";
				COPY_PHASE_STRIP = YES;
				ENABLE_NS_ASSERTIONS = NO;
				ENABLE_STRICT_OBJC_MSGSEND = YES;
				GCC_C_LANGUAGE_STANDARD = gnu99;
				GCC_WARN_64_TO_32_BIT_CONVERSION = YES;
				GCC_WARN_ABOUT_RETURN_TYPE = YES_ERROR;
				GCC_WARN_UNDECLARED_SELECTOR = YES;
				GCC_WARN_UNINITIALIZED_AUTOS = YES_AGGRESSIVE;
				GCC_WARN_UNUSED_FUNCTION = YES;
				GCC_WARN_UNUSED_VARIABLE = YES;
				IPHONEOS_DEPLOYMENT_TARGET = 8.1;
				MTL_ENABLE_DEBUG_INFO = NO;
				SDKROOT = iphoneos;
				VALIDATE_PRODUCT = YES;
			};
			name = Release;
		};
		51E1C6711A5B81DA0081F458 /* Debug */ = {
			isa = XCBuildConfiguration;
			buildSettings = {
				ASSETCATALOG_COMPILER_APPICON_NAME = AppIcon;
				INFOPLIST_FILE = "Shubham's GHP/Info.plist";
				LD_RUNPATH_SEARCH_PATHS = "$(inherited) @executable_path/Frameworks";
				PRODUCT_NAME = "$(TARGET_NAME)";
			};
			name = Debug;
		};
		51E1C6721A5B81DA0081F458 /* Release */ = {
			isa = XCBuildConfiguration;
			buildSettings = {
				ASSETCATALOG_COMPILER_APPICON_NAME = AppIcon;
				INFOPLIST_FILE = "Shubham's GHP/Info.plist";
				LD_RUNPATH_SEARCH_PATHS = "$(inherited) @executable_path/Frameworks";
				PRODUCT_NAME = "$(TARGET_NAME)";
			};
			name = Release;
		};
		51E1C6741A5B81DA0081F458 /* Debug */ = {
			isa = XCBuildConfiguration;
			buildSettings = {
				BUNDLE_LOADER = "$(TEST_HOST)";
				FRAMEWORK_SEARCH_PATHS = (
					"$(SDKROOT)/Developer/Library/Frameworks",
					"$(inherited)",
				);
				GCC_PREPROCESSOR_DEFINITIONS = (
					"DEBUG=1",
					"$(inherited)",
				);
				INFOPLIST_FILE = "Shubham's GHPTests/Info.plist";
				LD_RUNPATH_SEARCH_PATHS = "$(inherited) @executable_path/Frameworks @loader_path/Frameworks";
				PRODUCT_NAME = "$(TARGET_NAME)";
				TEST_HOST = "$(BUILT_PRODUCTS_DIR)/Shubham's GHP.app/Shubham's GHP";
			};
			name = Debug;
		};
		51E1C6751A5B81DA0081F458 /* Release */ = {
			isa = XCBuildConfiguration;
			buildSettings = {
				BUNDLE_LOADER = "$(TEST_HOST)";
				FRAMEWORK_SEARCH_PATHS = (
					"$(SDKROOT)/Developer/Library/Frameworks",
					"$(inherited)",
				);
				INFOPLIST_FILE = "Shubham's GHPTests/Info.plist";
				LD_RUNPATH_SEARCH_PATHS = "$(inherited) @executable_path/Frameworks @loader_path/Frameworks";
				PRODUCT_NAME = "$(TARGET_NAME)";
				TEST_HOST = "$(BUILT_PRODUCTS_DIR)/Shubham's GHP.app/Shubham's GHP";
			};
			name = Release;
		};
/* End XCBuildConfiguration section */

/* Begin XCConfigurationList section */
		51E1C6481A5B81DA0081F458 /* Build configuration list for PBXProject "Shubham's GHP" */ = {
			isa = XCConfigurationList;
			buildConfigurations = (
				51E1C66E1A5B81DA0081F458 /* Debug */,
				51E1C66F1A5B81DA0081F458 /* Release */,
			);
			defaultConfigurationIsVisible = 0;
			defaultConfigurationName = Release;
		};
		51E1C6701A5B81DA0081F458 /* Build configuration list for PBXNativeTarget "Shubham's GHP" */ = {
			isa = XCConfigurationList;
			buildConfigurations = (
				51E1C6711A5B81DA0081F458 /* Debug */,
				51E1C6721A5B81DA0081F458 /* Release */,
			);
			defaultConfigurationIsVisible = 0;
			defaultConfigurationName = Release;
		};
		51E1C6731A5B81DA0081F458 /* Build configuration list for PBXNativeTarget "Shubham's GHPTests" */ = {
			isa = XCConfigurationList;
			buildConfigurations = (
				51E1C6741A5B81DA0081F458 /* Debug */,
				51E1C6751A5B81DA0081F458 /* Release */,
			);
			defaultConfigurationIsVisible = 0;
			defaultConfigurationName = Release;
		};
/* End XCConfigurationList section */
	};
	rootObject = 51E1C6451A5B81DA0081F458 /* Project object */;
}
