// !$*UTF8*$!
{
	archiveVersion = 1;
	classes = {
	};
	objectVersion = 46;
	objects = {

/* Begin PBXBuildFile section */
		51D7496F1A5C382B00D10666 /* InspiratiocCView.m in Sources */ = {isa = PBXBuildFile; fileRef = 51D7496E1A5C382B00D10666 /* InspiratiocCView.m */; };
		51D749741A5CE55600D10666 /* 3x 22-51-19-252.jpg in Resources */ = {isa = PBXBuildFile; fileRef = 51D749731A5CE55600D10666 /* 3x 22-51-19-252.jpg */; };
		51D7497B1A5D692E00D10666 /* Screen Shot 2015-01-07 at 8.15.33 AM.png in Resources */ = {isa = PBXBuildFile; fileRef = 51D7497A1A5D692E00D10666 /* Screen Shot 2015-01-07 at 8.15.33 AM.png */; };
		51D7498D1A5D6CDF00D10666 /* 3x 22-51-19-252.jpg in Resources */ = {isa = PBXBuildFile; fileRef = 51D7497C1A5D6CDE00D10666 /* 3x 22-51-19-252.jpg */; };
		51D7498E1A5D6CDF00D10666 /* arc.jpg in Resources */ = {isa = PBXBuildFile; fileRef = 51D7497D1A5D6CDE00D10666 /* arc.jpg */; };
		51D7498F1A5D6CDF00D10666 /* arc@2x.jpg in Resources */ = {isa = PBXBuildFile; fileRef = 51D7497E1A5D6CDE00D10666 /* arc@2x.jpg */; };
		51D749901A5D6CDF00D10666 /* arc@3x.jpg in Resources */ = {isa = PBXBuildFile; fileRef = 51D7497F1A5D6CDE00D10666 /* arc@3x.jpg */; };
		51D749911A5D6CDF00D10666 /* image.jpg in Resources */ = {isa = PBXBuildFile; fileRef = 51D749801A5D6CDE00D10666 /* image.jpg */; };
		51D749921A5D6CDF00D10666 /* image@2x.jpg in Resources */ = {isa = PBXBuildFile; fileRef = 51D749811A5D6CDE00D10666 /* image@2x.jpg */; };
		51D749931A5D6CDF00D10666 /* image@3x.jpg in Resources */ = {isa = PBXBuildFile; fileRef = 51D749821A5D6CDF00D10666 /* image@3x.jpg */; };
		51D749941A5D6CDF00D10666 /* image2.jpg in Resources */ = {isa = PBXBuildFile; fileRef = 51D749831A5D6CDF00D10666 /* image2.jpg */; };
		51D749951A5D6CDF00D10666 /* image2@2x.jpg in Resources */ = {isa = PBXBuildFile; fileRef = 51D749841A5D6CDF00D10666 /* image2@2x.jpg */; };
		51D749961A5D6CDF00D10666 /* image2@3x.jpg in Resources */ = {isa = PBXBuildFile; fileRef = 51D749851A5D6CDF00D10666 /* image2@3x.jpg */; };
		51D749971A5D6CDF00D10666 /* image3.jpg in Resources */ = {isa = PBXBuildFile; fileRef = 51D749861A5D6CDF00D10666 /* image3.jpg */; };
		51D749981A5D6CDF00D10666 /* image3@2x.jpg in Resources */ = {isa = PBXBuildFile; fileRef = 51D749871A5D6CDF00D10666 /* image3@2x.jpg */; };
		51D749991A5D6CDF00D10666 /* image3@3x.jpg in Resources */ = {isa = PBXBuildFile; fileRef = 51D749881A5D6CDF00D10666 /* image3@3x.jpg */; };
		51D7499A1A5D6CDF00D10666 /* ironMan.jpg in Resources */ = {isa = PBXBuildFile; fileRef = 51D749891A5D6CDF00D10666 /* ironMan.jpg */; };
		51D7499B1A5D6CDF00D10666 /* ironMan@2x.jpg in Resources */ = {isa = PBXBuildFile; fileRef = 51D7498A1A5D6CDF00D10666 /* ironMan@2x.jpg */; };
		51D7499C1A5D6CDF00D10666 /* ironMan@3x.jpg in Resources */ = {isa = PBXBuildFile; fileRef = 51D7498B1A5D6CDF00D10666 /* ironMan@3x.jpg */; };
		51D7499D1A5D6CDF00D10666 /* Screen Shot 2015-01-07 at 8.15.33 AM.png in Resources */ = {isa = PBXBuildFile; fileRef = 51D7498C1A5D6CDF00D10666 /* Screen Shot 2015-01-07 at 8.15.33 AM.png */; };
		51D749A11A5D826100D10666 /* image4.jpg in Resources */ = {isa = PBXBuildFile; fileRef = 51D7499E1A5D826100D10666 /* image4.jpg */; };
		51D749A21A5D826100D10666 /* image4@2x.jpg in Resources */ = {isa = PBXBuildFile; fileRef = 51D7499F1A5D826100D10666 /* image4@2x.jpg */; };
		51D749A31A5D826100D10666 /* image4@3x.jpg in Resources */ = {isa = PBXBuildFile; fileRef = 51D749A01A5D826100D10666 /* image4@3x.jpg */; };
		51D749BD1A5D891000D10666 /* 3x 22-51-19-252.jpg in Resources */ = {isa = PBXBuildFile; fileRef = 51D749A41A5D891000D10666 /* 3x 22-51-19-252.jpg */; };
		51D749BE1A5D891000D10666 /* arc.jpg in Resources */ = {isa = PBXBuildFile; fileRef = 51D749A51A5D891000D10666 /* arc.jpg */; };
		51D749BF1A5D891000D10666 /* arc@2x.jpg in Resources */ = {isa = PBXBuildFile; fileRef = 51D749A61A5D891000D10666 /* arc@2x.jpg */; };
		51D749C01A5D891000D10666 /* arc@3x.jpg in Resources */ = {isa = PBXBuildFile; fileRef = 51D749A71A5D891000D10666 /* arc@3x.jpg */; };
		51D749C11A5D891000D10666 /* image.jpg in Resources */ = {isa = PBXBuildFile; fileRef = 51D749A81A5D891000D10666 /* image.jpg */; };
		51D749C21A5D891000D10666 /* image@2x.jpg in Resources */ = {isa = PBXBuildFile; fileRef = 51D749A91A5D891000D10666 /* image@2x.jpg */; };
		51D749C31A5D891000D10666 /* image@3x.jpg in Resources */ = {isa = PBXBuildFile; fileRef = 51D749AA1A5D891000D10666 /* image@3x.jpg */; };
		51D749C41A5D891000D10666 /* image2.jpg in Resources */ = {isa = PBXBuildFile; fileRef = 51D749AB1A5D891000D10666 /* image2.jpg */; };
		51D749C51A5D891000D10666 /* image2@2x.jpg in Resources */ = {isa = PBXBuildFile; fileRef = 51D749AC1A5D891000D10666 /* image2@2x.jpg */; };
		51D749C61A5D891000D10666 /* image2@3x.jpg in Resources */ = {isa = PBXBuildFile; fileRef = 51D749AD1A5D891000D10666 /* image2@3x.jpg */; };
		51D749C71A5D891000D10666 /* image3.jpg in Resources */ = {isa = PBXBuildFile; fileRef = 51D749AE1A5D891000D10666 /* image3.jpg */; };
		51D749C81A5D891000D10666 /* image3@2x.jpg in Resources */ = {isa = PBXBuildFile; fileRef = 51D749AF1A5D891000D10666 /* image3@2x.jpg */; };
		51D749C91A5D891000D10666 /* image3@3x.jpg in Resources */ = {isa = PBXBuildFile; fileRef = 51D749B01A5D891000D10666 /* image3@3x.jpg */; };
		51D749CA1A5D891000D10666 /* image4.jpg in Resources */ = {isa = PBXBuildFile; fileRef = 51D749B11A5D891000D10666 /* image4.jpg */; };
		51D749CB1A5D891000D10666 /* image4@2x.jpg in Resources */ = {isa = PBXBuildFile; fileRef = 51D749B21A5D891000D10666 /* image4@2x.jpg */; };
		51D749CC1A5D891000D10666 /* image4@3x.jpg in Resources */ = {isa = PBXBuildFile; fileRef = 51D749B31A5D891000D10666 /* image4@3x.jpg */; };
		51D749CD1A5D891000D10666 /* image5.jpg in Resources */ = {isa = PBXBuildFile; fileRef = 51D749B41A5D891000D10666 /* image5.jpg */; };
		51D749CE1A5D891000D10666 /* image5@2x.jpg in Resources */ = {isa = PBXBuildFile; fileRef = 51D749B51A5D891000D10666 /* image5@2x.jpg */; };
		51D749CF1A5D891000D10666 /* image6.jpg in Resources */ = {isa = PBXBuildFile; fileRef = 51D749B61A5D891000D10666 /* image6.jpg */; };
		51D749D01A5D891000D10666 /* image6@2x.jpg in Resources */ = {isa = PBXBuildFile; fileRef = 51D749B71A5D891000D10666 /* image6@2x.jpg */; };
		51D749D11A5D891000D10666 /* image6@3x.jpg in Resources */ = {isa = PBXBuildFile; fileRef = 51D749B81A5D891000D10666 /* image6@3x.jpg */; };
		51D749D21A5D891000D10666 /* ironMan.jpg in Resources */ = {isa = PBXBuildFile; fileRef = 51D749B91A5D891000D10666 /* ironMan.jpg */; };
		51D749D31A5D891000D10666 /* ironMan@2x.jpg in Resources */ = {isa = PBXBuildFile; fileRef = 51D749BA1A5D891000D10666 /* ironMan@2x.jpg */; };
		51D749D41A5D891000D10666 /* ironMan@3x.jpg in Resources */ = {isa = PBXBuildFile; fileRef = 51D749BB1A5D891000D10666 /* ironMan@3x.jpg */; };
		51D749D51A5D891000D10666 /* Screen Shot 2015-01-07 at 8.15.33 AM.png in Resources */ = {isa = PBXBuildFile; fileRef = 51D749BC1A5D891000D10666 /* Screen Shot 2015-01-07 at 8.15.33 AM.png */; };
		51D749D81A5DC36200D10666 /* TeslaIClass.m in Sources */ = {isa = PBXBuildFile; fileRef = 51D749D71A5DC36200D10666 /* TeslaIClass.m */; };
		51D749DC1A5DC4A900D10666 /* image7.jpg in Resources */ = {isa = PBXBuildFile; fileRef = 51D749D91A5DC4A900D10666 /* image7.jpg */; };
		51D749DD1A5DC4A900D10666 /* image7@2x.jpg in Resources */ = {isa = PBXBuildFile; fileRef = 51D749DA1A5DC4A900D10666 /* image7@2x.jpg */; };
		51D749DE1A5DC4A900D10666 /* image7@3x.jpg in Resources */ = {isa = PBXBuildFile; fileRef = 51D749DB1A5DC4A900D10666 /* image7@3x.jpg */; };
		51D749E01A5DDBEA00D10666 /* image8.png in Resources */ = {isa = PBXBuildFile; fileRef = 51D749DF1A5DDBEA00D10666 /* image8.png */; };
		51D749E31A5DDC4400D10666 /* JobsI.m in Sources */ = {isa = PBXBuildFile; fileRef = 51D749E21A5DDC4400D10666 /* JobsI.m */; };
		51E1C6531A5B81DA0081F458 /* main.m in Sources */ = {isa = PBXBuildFile; fileRef = 51E1C6521A5B81DA0081F458 /* main.m */; };
		51E1C6561A5B81DA0081F458 /* AppDelegate.m in Sources */ = {isa = PBXBuildFile; fileRef = 51E1C6551A5B81DA0081F458 /* AppDelegate.m */; };
		51E1C6591A5B81DA0081F458 /* ViewController.m in Sources */ = {isa = PBXBuildFile; fileRef = 51E1C6581A5B81DA0081F458 /* ViewController.m */; };
		51E1C65C1A5B81DA0081F458 /* Main.storyboard in Resources */ = {isa = PBXBuildFile; fileRef = 51E1C65A1A5B81DA0081F458 /* Main.storyboard */; };
		51E1C65E1A5B81DA0081F458 /* Images.xcassets in Resources */ = {isa = PBXBuildFile; fileRef = 51E1C65D1A5B81DA0081F458 /* Images.xcassets */; };
		51E1C6611A5B81DA0081F458 /* LaunchScreen.xib in Resources */ = {isa = PBXBuildFile; fileRef = 51E1C65F1A5B81DA0081F458 /* LaunchScreen.xib */; };
		51E1C66D1A5B81DA0081F458 /* Shubham_s_GHPTests.m in Sources */ = {isa = PBXBuildFile; fileRef = 51E1C66C1A5B81DA0081F458 /* Shubham_s_GHPTests.m */; };
		51E1C67D1A5B9A000081F458 /* image.jpg in Resources */ = {isa = PBXBuildFile; fileRef = 51E1C6781A5B9A000081F458 /* image.jpg */; };
		51E1C67E1A5B9A000081F458 /* image@2x.jpg in Resources */ = {isa = PBXBuildFile; fileRef = 51E1C6791A5B9A000081F458 /* image@2x.jpg */; };
		51E1C67F1A5B9A000081F458 /* image@3x.jpg in Resources */ = {isa = PBXBuildFile; fileRef = 51E1C67A1A5B9A000081F458 /* image@3x.jpg */; };
		51E1C6801A5B9A000081F458 /* StyleKitName.m in Sources */ = {isa = PBXBuildFile; fileRef = 51E1C67C1A5B9A000081F458 /* StyleKitName.m */; };
		51E1C6861A5B9BFE0081F458 /* PCView.m in Sources */ = {isa = PBXBuildFile; fileRef = 51E1C6851A5B9BFE0081F458 /* PCView.m */; };
/* End PBXBuildFile section */

/* Begin PBXContainerItemProxy section */
		51E1C6671A5B81DA0081F458 /* PBXContainerItemProxy */ = {
			isa = PBXContainerItemProxy;
			containerPortal = 51E1C6451A5B81DA0081F458 /* Project object */;
			proxyType = 1;
			remoteGlobalIDString = 51E1C64C1A5B81DA0081F458;
			remoteInfo = "Shubham's GHP";
		};
/* End PBXContainerItemProxy section */

/* Begin PBXFileReference section */
		51D7496D1A5C382B00D10666 /* InspiratiocCView.h */ = {isa = PBXFileReference; fileEncoding = 4; lastKnownFileType = sourcecode.c.h; path = InspiratiocCView.h; sourceTree = "<group>"; };
		51D7496E1A5C382B00D10666 /* InspiratiocCView.m */ = {isa = PBXFileReference; fileEncoding = 4; lastKnownFileType = sourcecode.c.objc; path = InspiratiocCView.m; sourceTree = "<group>"; };
		51D749731A5CE55600D10666 /* 3x 22-51-19-252.jpg */ = {isa = PBXFileReference; lastKnownFileType = image.jpeg; path = "3x 22-51-19-252.jpg"; sourceTree = "<group>"; };
		51D7497A1A5D692E00D10666 /* Screen Shot 2015-01-07 at 8.15.33 AM.png */ = {isa = PBXFileReference; lastKnownFileType = image.png; path = "Screen Shot 2015-01-07 at 8.15.33 AM.png"; sourceTree = "<group>"; };
		51D7497C1A5D6CDE00D10666 /* 3x 22-51-19-252.jpg */ = {isa = PBXFileReference; lastKnownFileType = image.jpeg; path = "3x 22-51-19-252.jpg"; sourceTree = "<group>"; };
		51D7497D1A5D6CDE00D10666 /* arc.jpg */ = {isa = PBXFileReference; lastKnownFileType = image.jpeg; path = arc.jpg; sourceTree = "<group>"; };
		51D7497E1A5D6CDE00D10666 /* arc@2x.jpg */ = {isa = PBXFileReference; lastKnownFileType = image.jpeg; path = "arc@2x.jpg"; sourceTree = "<group>"; };
		51D7497F1A5D6CDE00D10666 /* arc@3x.jpg */ = {isa = PBXFileReference; lastKnownFileType = image.jpeg; path = "arc@3x.jpg"; sourceTree = "<group>"; };
		51D749801A5D6CDE00D10666 /* image.jpg */ = {isa = PBXFileReference; lastKnownFileType = image.jpeg; path = image.jpg; sourceTree = "<group>"; };
		51D749811A5D6CDE00D10666 /* image@2x.jpg */ = {isa = PBXFileReference; lastKnownFileType = image.jpeg; path = "image@2x.jpg"; sourceTree = "<group>"; };
		51D749821A5D6CDF00D10666 /* image@3x.jpg */ = {isa = PBXFileReference; lastKnownFileType = image.jpeg; path = "image@3x.jpg"; sourceTree = "<group>"; };
		51D749831A5D6CDF00D10666 /* image2.jpg */ = {isa = PBXFileReference; lastKnownFileType = image.jpeg; path = image2.jpg; sourceTree = "<group>"; };
		51D749841A5D6CDF00D10666 /* image2@2x.jpg */ = {isa = PBXFileReference; lastKnownFileType = image.jpeg; path = "image2@2x.jpg"; sourceTree = "<group>"; };
		51D749851A5D6CDF00D10666 /* image2@3x.jpg */ = {isa = PBXFileReference; lastKnownFileType = image.jpeg; path = "image2@3x.jpg"; sourceTree = "<group>"; };
		51D749861A5D6CDF00D10666 /* image3.jpg */ = {isa = PBXFileReference; lastKnownFileType = image.jpeg; path = image3.jpg; sourceTree = "<group>"; };
		51D749871A5D6CDF00D10666 /* image3@2x.jpg */ = {isa = PBXFileReference; lastKnownFileType = image.jpeg; path = "image3@2x.jpg"; sourceTree = "<group>"; };
		51D749881A5D6CDF00D10666 /* image3@3x.jpg */ = {isa = PBXFileReference; lastKnownFileType = image.jpeg; path = "image3@3x.jpg"; sourceTree = "<group>"; };
		51D749891A5D6CDF00D10666 /* ironMan.jpg */ = {isa = PBXFileReference; lastKnownFileType = image.jpeg; path = ironMan.jpg; sourceTree = "<group>"; };
		51D7498A1A5D6CDF00D10666 /* ironMan@2x.jpg */ = {isa = PBXFileReference; lastKnownFileType = image.jpeg; path = "ironMan@2x.jpg"; sourceTree = "<group>"; };
		51D7498B1A5D6CDF00D10666 /* ironMan@3x.jpg */ = {isa = PBXFileReference; lastKnownFileType = image.jpeg; path = "ironMan@3x.jpg"; sourceTree = "<group>"; };
		51D7498C1A5D6CDF00D10666 /* Screen Shot 2015-01-07 at 8.15.33 AM.png */ = {isa = PBXFileReference; lastKnownFileType = image.png; path = "Screen Shot 2015-01-07 at 8.15.33 AM.png"; sourceTree = "<group>"; };
		51D7499E1A5D826100D10666 /* image4.jpg */ = {isa = PBXFileReference; lastKnownFileType = image.jpeg; path = image4.jpg; sourceTree = "<group>"; };
		51D7499F1A5D826100D10666 /* image4@2x.jpg */ = {isa = PBXFileReference; lastKnownFileType = image.jpeg; path = "image4@2x.jpg"; sourceTree = "<group>"; };
		51D749A01A5D826100D10666 /* image4@3x.jpg */ = {isa = PBXFileReference; lastKnownFileType = image.jpeg; path = "image4@3x.jpg"; sourceTree = "<group>"; };
		51D749A41A5D891000D10666 /* 3x 22-51-19-252.jpg */ = {isa = PBXFileReference; lastKnownFileType = image.jpeg; path = "3x 22-51-19-252.jpg"; sourceTree = "<group>"; };
		51D749A51A5D891000D10666 /* arc.jpg */ = {isa = PBXFileReference; lastKnownFileType = image.jpeg; path = arc.jpg; sourceTree = "<group>"; };
		51D749A61A5D891000D10666 /* arc@2x.jpg */ = {isa = PBXFileReference; lastKnownFileType = image.jpeg; path = "arc@2x.jpg"; sourceTree = "<group>"; };
		51D749A71A5D891000D10666 /* arc@3x.jpg */ = {isa = PBXFileReference; lastKnownFileType = image.jpeg; path = "arc@3x.jpg"; sourceTree = "<group>"; };
		51D749A81A5D891000D10666 /* image.jpg */ = {isa = PBXFileReference; lastKnownFileType = image.jpeg; path = image.jpg; sourceTree = "<group>"; };
		51D749A91A5D891000D10666 /* image@2x.jpg */ = {isa = PBXFileReference; lastKnownFileType = image.jpeg; path = "image@2x.jpg"; sourceTree = "<group>"; };
		51D749AA1A5D891000D10666 /* image@3x.jpg */ = {isa = PBXFileReference; lastKnownFileType = image.jpeg; path = "image@3x.jpg"; sourceTree = "<group>"; };
		51D749AB1A5D891000D10666 /* image2.jpg */ = {isa = PBXFileReference; lastKnownFileType = image.jpeg; path = image2.jpg; sourceTree = "<group>"; };
		51D749AC1A5D891000D10666 /* image2@2x.jpg */ = {isa = PBXFileReference; lastKnownFileType = image.jpeg; path = "image2@2x.jpg"; sourceTree = "<group>"; };
		51D749AD1A5D891000D10666 /* image2@3x.jpg */ = {isa = PBXFileReference; lastKnownFileType = image.jpeg; path = "image2@3x.jpg"; sourceTree = "<group>"; };
		51D749AE1A5D891000D10666 /* image3.jpg */ = {isa = PBXFileReference; lastKnownFileType = image.jpeg; path = image3.jpg; sourceTree = "<group>"; };
		51D749AF1A5D891000D10666 /* image3@2x.jpg */ = {isa = PBXFileReference; lastKnownFileType = image.jpeg; path = "image3@2x.jpg"; sourceTree = "<group>"; };
		51D749B01A5D891000D10666 /* image3@3x.jpg */ = {isa = PBXFileReference; lastKnownFileType = image.jpeg; path = "image3@3x.jpg"; sourceTree = "<group>"; };
		51D749B11A5D891000D10666 /* image4.jpg */ = {isa = PBXFileReference; lastKnownFileType = image.jpeg; path = image4.jpg; sourceTree = "<group>"; };
		51D749B21A5D891000D10666 /* image4@2x.jpg */ = {isa = PBXFileReference; lastKnownFileType = image.jpeg; path = "image4@2x.jpg"; sourceTree = "<group>"; };
		51D749B31A5D891000D10666 /* image4@3x.jpg */ = {isa = PBXFileReference; lastKnownFileType = image.jpeg; path = "image4@3x.jpg"; sourceTree = "<group>"; };
		51D749B41A5D891000D10666 /* image5.jpg */ = {isa = PBXFileReference; lastKnownFileType = image.jpeg; path = image5.jpg; sourceTree = "<group>"; };
		51D749B51A5D891000D10666 /* image5@2x.jpg */ = {isa = PBXFileReference; lastKnownFileType = image.jpeg; path = "image5@2x.jpg"; sourceTree = "<group>"; };
		51D749B61A5D891000D10666 /* image6.jpg */ = {isa = PBXFileReference; lastKnownFileType = image.jpeg; path = image6.jpg; sourceTree = "<group>"; };
		51D749B71A5D891000D10666 /* image6@2x.jpg */ = {isa = PBXFileReference; lastKnownFileType = image.jpeg; path = "image6@2x.jpg"; sourceTree = "<group>"; };
		51D749B81A5D891000D10666 /* image6@3x.jpg */ = {isa = PBXFileReference; lastKnownFileType = image.jpeg; path = "image6@3x.jpg"; sourceTree = "<group>"; };
		51D749B91A5D891000D10666 /* ironMan.jpg */ = {isa = PBXFileReference; lastKnownFileType = image.jpeg; path = ironMan.jpg; sourceTree = "<group>"; };
		51D749BA1A5D891000D10666 /* ironMan@2x.jpg */ = {isa = PBXFileReference; lastKnownFileType = image.jpeg; path = "ironMan@2x.jpg"; sourceTree = "<group>"; };
		51D749BB1A5D891000D10666 /* ironMan@3x.jpg */ = {isa = PBXFileReference; lastKnownFileType = image.jpeg; path = "ironMan@3x.jpg"; sourceTree = "<group>"; };
		51D749BC1A5D891000D10666 /* Screen Shot 2015-01-07 at 8.15.33 AM.png */ = {isa = PBXFileReference; lastKnownFileType = image.png; path = "Screen Shot 2015-01-07 at 8.15.33 AM.png"; sourceTree = "<group>"; };
		51D749D61A5DC36200D10666 /* TeslaIClass.h */ = {isa = PBXFileReference; fileEncoding = 4; lastKnownFileType = sourcecode.c.h; path = TeslaIClass.h; sourceTree = "<group>"; };
		51D749D71A5DC36200D10666 /* TeslaIClass.m */ = {isa = PBXFileReference; fileEncoding = 4; lastKnownFileType = sourcecode.c.objc; path = TeslaIClass.m; sourceTree = "<group>"; };
		51D749D91A5DC4A900D10666 /* image7.jpg */ = {isa = PBXFileReference; lastKnownFileType = image.jpeg; path = image7.jpg; sourceTree = "<group>"; };
		51D749DA1A5DC4A900D10666 /* image7@2x.jpg */ = {isa = PBXFileReference; lastKnownFileType = image.jpeg; path = "image7@2x.jpg"; sourceTree = "<group>"; };
		51D749DB1A5DC4A900D10666 /* image7@3x.jpg */ = {isa = PBXFileReference; lastKnownFileType = image.jpeg; path = "image7@3x.jpg"; sourceTree = "<group>"; };
		51D749DF1A5DDBEA00D10666 /* image8.png */ = {isa = PBXFileReference; lastKnownFileType = image.png; path = image8.png; sourceTree = "<group>"; };
		51D749E11A5DDC4400D10666 /* JobsI.h */ = {isa = PBXFileReference; fileEncoding = 4; lastKnownFileType = sourcecode.c.h; path = JobsI.h; sourceTree = "<group>"; };
		51D749E21A5DDC4400D10666 /* JobsI.m */ = {isa = PBXFileReference; fileEncoding = 4; lastKnownFileType = sourcecode.c.objc; path = JobsI.m; sourceTree = "<group>"; };
		51E1C64D1A5B81DA0081F458 /* Shubham's GHP.app */ = {isa = PBXFileReference; explicitFileType = wrapper.application; includeInIndex = 0; path = "Shubham's GHP.app"; sourceTree = BUILT_PRODUCTS_DIR; };
		51E1C6511A5B81DA0081F458 /* Info.plist */ = {isa = PBXFileReference; lastKnownFileType = text.plist.xml; path = Info.plist; sourceTree = "<group>"; };
		51E1C6521A5B81DA0081F458 /* main.m */ = {isa = PBXFileReference; lastKnownFileType = sourcecode.c.objc; path = main.m; sourceTree = "<group>"; };
		51E1C6541A5B81DA0081F458 /* AppDelegate.h */ = {isa = PBXFileReference; lastKnownFileType = sourcecode.c.h; path = AppDelegate.h; sourceTree = "<group>"; };
		51E1C6551A5B81DA0081F458 /* AppDelegate.m */ = {isa = PBXFileReference; lastKnownFileType = sourcecode.c.objc; path = AppDelegate.m; sourceTree = "<group>"; };
		51E1C6571A5B81DA0081F458 /* ViewController.h */ = {isa = PBXFileReference; lastKnownFileType = sourcecode.c.h; path = ViewController.h; sourceTree = "<group>"; };
		51E1C6581A5B81DA0081F458 /* ViewController.m */ = {isa = PBXFileReference; lastKnownFileType = sourcecode.c.objc; path = ViewController.m; sourceTree = "<group>"; };
		51E1C65B1A5B81DA0081F458 /* Base */ = {isa = PBXFileReference; lastKnownFileType = file.storyboard; name = Base; path = Base.lproj/Main.storyboard; sourceTree = "<group>"; };
		51E1C65D1A5B81DA0081F458 /* Images.xcassets */ = {isa = PBXFileReference; lastKnownFileType = folder.assetcatalog; path = Images.xcassets; sourceTree = "<group>"; };
		51E1C6601A5B81DA0081F458 /* Base */ = {isa = PBXFileReference; lastKnownFileType = file.xib; name = Base; path = Base.lproj/LaunchScreen.xib; sourceTree = "<group>"; };
		51E1C6661A5B81DA0081F458 /* Shubham's GHPTests.xctest */ = {isa = PBXFileReference; explicitFileType = wrapper.cfbundle; includeInIndex = 0; path = "Shubham's GHPTests.xctest"; sourceTree = BUILT_PRODUCTS_DIR; };
		51E1C66B1A5B81DA0081F458 /* Info.plist */ = {isa = PBXFileReference; lastKnownFileType = text.plist.xml; path = Info.plist; sourceTree = "<group>"; };
		51E1C66C1A5B81DA0081F458 /* Shubham_s_GHPTests.m */ = {isa = PBXFileReference; lastKnownFileType = sourcecode.c.objc; path = Shubham_s_GHPTests.m; sourceTree = "<group>"; };
		51E1C6781A5B9A000081F458 /* image.jpg */ = {isa = PBXFileReference; lastKnownFileType = image.jpeg; path = image.jpg; sourceTree = "<group>"; };
		51E1C6791A5B9A000081F458 /* image@2x.jpg */ = {isa = PBXFileReference; lastKnownFileType = image.jpeg; path = "image@2x.jpg"; sourceTree = "<group>"; };
		51E1C67A1A5B9A000081F458 /* image@3x.jpg */ = {isa = PBXFileReference; lastKnownFileType = image.jpeg; path = "image@3x.jpg"; sourceTree = "<group>"; };
		51E1C67B1A5B9A000081F458 /* StyleKitName.h */ = {isa = PBXFileReference; fileEncoding = 4; lastKnownFileType = sourcecode.c.h; name = StyleKitName.h; path = paintcode/StyleKitName.h; sourceTree = "<group>"; };
		51E1C67C1A5B9A000081F458 /* StyleKitName.m */ = {isa = PBXFileReference; fileEncoding = 4; lastKnownFileType = sourcecode.c.objc; name = StyleKitName.m; path = paintcode/StyleKitName.m; sourceTree = "<group>"; };
		51E1C6841A5B9BFE0081F458 /* PCView.h */ = {isa = PBXFileReference; fileEncoding = 4; lastKnownFileType = sourcecode.c.h; path = PCView.h; sourceTree = "<group>"; };
		51E1C6851A5B9BFE0081F458 /* PCView.m */ = {isa = PBXFileReference; fileEncoding = 4; lastKnownFileType = sourcecode.c.objc; path = PCView.m; sourceTree = "<group>"; };
/* End PBXFileReference section */

/* Begin PBXFrameworksBuildPhase section */
		51E1C64A1A5B81DA0081F458 /* Frameworks */ = {
			isa = PBXFrameworksBuildPhase;
			buildActionMask = 2147483647;
			files = (
			);
			runOnlyForDeploymentPostprocessing = 0;
		};
		51E1C6631A5B81DA0081F458 /* Frameworks */ = {
			isa = PBXFrameworksBuildPhase;
			buildActionMask = 2147483647;
			files = (
			);
			runOnlyForDeploymentPostprocessing = 0;
		};
/* End PBXFrameworksBuildPhase section */

/* Begin PBXGroup section */
		51E1C6441A5B81DA0081F458 = {
			isa = PBXGroup;
			children = (
				51E1C64F1A5B81DA0081F458 /* Shubham's GHP */,
				51E1C6691A5B81DA0081F458 /* Shubham's GHPTests */,
				51E1C64E1A5B81DA0081F458 /* Products */,
			);
			sourceTree = "<group>";
		};
		51E1C64E1A5B81DA0081F458 /* Products */ = {
			isa = PBXGroup;
			children = (
				51E1C64D1A5B81DA0081F458 /* Shubham's GHP.app */,
				51E1C6661A5B81DA0081F458 /* Shubham's GHPTests.xctest */,
			);
			name = Products;
			sourceTree = "<group>";
		};
		51E1C64F1A5B81DA0081F458 /* Shubham's GHP */ = {
			isa = PBXGroup;
			children = (
				51D749D61A5DC36200D10666 /* TeslaIClass.h */,
				51D749D71A5DC36200D10666 /* TeslaIClass.m */,
				51E1C6771A5B9A000081F458 /* images */,
				51E1C67B1A5B9A000081F458 /* StyleKitName.h */,
				51E1C67C1A5B9A000081F458 /* StyleKitName.m */,
				51E1C6541A5B81DA0081F458 /* AppDelegate.h */,
				51E1C6551A5B81DA0081F458 /* AppDelegate.m */,
				51D7496D1A5C382B00D10666 /* InspiratiocCView.h */,
				51D7496E1A5C382B00D10666 /* InspiratiocCView.m */,
				51E1C6571A5B81DA0081F458 /* ViewController.h */,
				51E1C6581A5B81DA0081F458 /* ViewController.m */,
				51E1C65A1A5B81DA0081F458 /* Main.storyboard */,
				51D749E11A5DDC4400D10666 /* JobsI.h */,
				51D749E21A5DDC4400D10666 /* JobsI.m */,
				51E1C6841A5B9BFE0081F458 /* PCView.h */,
				51E1C6851A5B9BFE0081F458 /* PCView.m */,
				51E1C65D1A5B81DA0081F458 /* Images.xcassets */,
				51E1C65F1A5B81DA0081F458 /* LaunchScreen.xib */,
				51E1C6501A5B81DA0081F458 /* Supporting Files */,
			);
			path = "Shubham's GHP";
			sourceTree = "<group>";
		};
		51E1C6501A5B81DA0081F458 /* Supporting Files */ = {
			isa = PBXGroup;
			children = (
				51E1C6511A5B81DA0081F458 /* Info.plist */,
				51E1C6521A5B81DA0081F458 /* main.m */,
			);
			name = "Supporting Files";
			sourceTree = "<group>";
		};
		51E1C6691A5B81DA0081F458 /* Shubham's GHPTests */ = {
			isa = PBXGroup;
			children = (
				51E1C66C1A5B81DA0081F458 /* Shubham_s_GHPTests.m */,
				51E1C66A1A5B81DA0081F458 /* Supporting Files */,
			);
			path = "Shubham's GHPTests";
			sourceTree = "<group>";
		};
		51E1C66A1A5B81DA0081F458 /* Supporting Files */ = {
			isa = PBXGroup;
			children = (
				51E1C66B1A5B81DA0081F458 /* Info.plist */,
			);
			name = "Supporting Files";
			sourceTree = "<group>";
		};
		51E1C6771A5B9A000081F458 /* images */ = {
			isa = PBXGroup;
			children = (
				51D749DF1A5DDBEA00D10666 /* image8.png */,
				51D749D91A5DC4A900D10666 /* image7.jpg */,
				51D749DA1A5DC4A900D10666 /* image7@2x.jpg */,
				51D749DB1A5DC4A900D10666 /* image7@3x.jpg */,
				51D749A41A5D891000D10666 /* 3x 22-51-19-252.jpg */,
				51D749A51A5D891000D10666 /* arc.jpg */,
				51D749A61A5D891000D10666 /* arc@2x.jpg */,
				51D749A71A5D891000D10666 /* arc@3x.jpg */,
				51D749A81A5D891000D10666 /* image.jpg */,
				51D749A91A5D891000D10666 /* image@2x.jpg */,
				51D749AA1A5D891000D10666 /* image@3x.jpg */,
				51D749AB1A5D891000D10666 /* image2.jpg */,
				51D749AC1A5D891000D10666 /* image2@2x.jpg */,
				51D749AD1A5D891000D10666 /* image2@3x.jpg */,
				51D749AE1A5D891000D10666 /* image3.jpg */,
				51D749AF1A5D891000D10666 /* image3@2x.jpg */,
				51D749B01A5D891000D10666 /* image3@3x.jpg */,
				51D749B11A5D891000D10666 /* image4.jpg */,
				51D749B21A5D891000D10666 /* image4@2x.jpg */,
				51D749B31A5D891000D10666 /* image4@3x.jpg */,
				51D749B41A5D891000D10666 /* image5.jpg */,
				51D749B51A5D891000D10666 /* image5@2x.jpg */,
				51D749B61A5D891000D10666 /* image6.jpg */,
				51D749B71A5D891000D10666 /* image6@2x.jpg */,
				51D749B81A5D891000D10666 /* image6@3x.jpg */,
				51D749B91A5D891000D10666 /* ironMan.jpg */,
				51D749BA1A5D891000D10666 /* ironMan@2x.jpg */,
				51D749BB1A5D891000D10666 /* ironMan@3x.jpg */,
				51D749BC1A5D891000D10666 /* Screen Shot 2015-01-07 at 8.15.33 AM.png */,
				51D7499E1A5D826100D10666 /* image4.jpg */,
				51D7499F1A5D826100D10666 /* image4@2x.jpg */,
				51D749A01A5D826100D10666 /* image4@3x.jpg */,
				51D7497C1A5D6CDE00D10666 /* 3x 22-51-19-252.jpg */,
				51D7497D1A5D6CDE00D10666 /* arc.jpg */,
				51D7497E1A5D6CDE00D10666 /* arc@2x.jpg */,
				51D7497F1A5D6CDE00D10666 /* arc@3x.jpg */,
				51D749801A5D6CDE00D10666 /* image.jpg */,
				51D749811A5D6CDE00D10666 /* image@2x.jpg */,
				51D749821A5D6CDF00D10666 /* image@3x.jpg */,
				51D749831A5D6CDF00D10666 /* image2.jpg */,
				51D749841A5D6CDF00D10666 /* image2@2x.jpg */,
				51D749851A5D6CDF00D10666 /* image2@3x.jpg */,
				51D749861A5D6CDF00D10666 /* image3.jpg */,
				51D749871A5D6CDF00D10666 /* image3@2x.jpg */,
				51D749881A5D6CDF00D10666 /* image3@3x.jpg */,
				51D749891A5D6CDF00D10666 /* ironMan.jpg */,
				51D7498A1A5D6CDF00D10666 /* ironMan@2x.jpg */,
				51D7498B1A5D6CDF00D10666 /* ironMan@3x.jpg */,
				51D7498C1A5D6CDF00D10666 /* Screen Shot 2015-01-07 at 8.15.33 AM.png */,
				51D7497A1A5D692E00D10666 /* Screen Shot 2015-01-07 at 8.15.33 AM.png */,
				51D749731A5CE55600D10666 /* 3x 22-51-19-252.jpg */,
				51E1C6781A5B9A000081F458 /* image.jpg */,
				51E1C6791A5B9A000081F458 /* image@2x.jpg */,
				51E1C67A1A5B9A000081F458 /* image@3x.jpg */,
			);
			name = images;
			path = paintcode/images;
			sourceTree = "<group>";
		};
/* End PBXGroup section */

/* Begin PBXNativeTarget section */
		51E1C64C1A5B81DA0081F458 /* Shubham's GHP */ = {
			isa = PBXNativeTarget;
			buildConfigurationList = 51E1C6701A5B81DA0081F458 /* Build configuration list for PBXNativeTarget "Shubham's GHP" */;
			buildPhases = (
				51E1C6491A5B81DA0081F458 /* Sources */,
				51E1C64A1A5B81DA0081F458 /* Frameworks */,
				51E1C64B1A5B81DA0081F458 /* Resources */,
			);
			buildRules = (
			);
			dependencies = (
			);
			name = "Shubham's GHP";
			productName = "Shubham's GHP";
			productReference = 51E1C64D1A5B81DA0081F458 /* Shubham's GHP.app */;
			productType = "com.apple.product-type.application";
		};
		51E1C6651A5B81DA0081F458 /* Shubham's GHPTests */ = {
			isa = PBXNativeTarget;
			buildConfigurationList = 51E1C6731A5B81DA0081F458 /* Build configuration list for PBXNativeTarget "Shubham's GHPTests" */;
			buildPhases = (
				51E1C6621A5B81DA0081F458 /* Sources */,
				51E1C6631A5B81DA0081F458 /* Frameworks */,
				51E1C6641A5B81DA0081F458 /* Resources */,
			);
			buildRules = (
			);
			dependencies = (
				51E1C6681A5B81DA0081F458 /* PBXTargetDependency */,
			);
			name = "Shubham's GHPTests";
			productName = "Shubham's GHPTests";
			productReference = 51E1C6661A5B81DA0081F458 /* Shubham's GHPTests.xctest */;
			productType = "com.apple.product-type.bundle.unit-test";
		};
/* End PBXNativeTarget section */

/* Begin PBXProject section */
		51E1C6451A5B81DA0081F458 /* Project object */ = {
			isa = PBXProject;
			attributes = {
				LastUpgradeCheck = 0610;
				ORGANIZATIONNAME = "Sylvr Productions";
				TargetAttributes = {
					51E1C64C1A5B81DA0081F458 = {
						CreatedOnToolsVersion = 6.1.1;
					};
					51E1C6651A5B81DA0081F458 = {
						CreatedOnToolsVersion = 6.1.1;
						TestTargetID = 51E1C64C1A5B81DA0081F458;
					};
				};
			};
			buildConfigurationList = 51E1C6481A5B81DA0081F458 /* Build configuration list for PBXProject "Shubham's GHP" */;
			compatibilityVersion = "Xcode 3.2";
			developmentRegion = English;
			hasScannedForEncodings = 0;
			knownRegions = (
				en,
				Base,
			);
			mainGroup = 51E1C6441A5B81DA0081F458;
			productRefGroup = 51E1C64E1A5B81DA0081F458 /* Products */;
			projectDirPath = "";
			projectRoot = "";
			targets = (
				51E1C64C1A5B81DA0081F458 /* Shubham's GHP */,
				51E1C6651A5B81DA0081F458 /* Shubham's GHPTests */,
			);
		};
/* End PBXProject section */

/* Begin PBXResourcesBuildPhase section */
		51E1C64B1A5B81DA0081F458 /* Resources */ = {
			isa = PBXResourcesBuildPhase;
			buildActionMask = 2147483647;
			files = (
				51D749D31A5D891000D10666 /* ironMan@2x.jpg in Resources */,
				51D749DE1A5DC4A900D10666 /* image7@3x.jpg in Resources */,
				51D749CE1A5D891000D10666 /* image5@2x.jpg in Resources */,
				51D749C71A5D891000D10666 /* image3.jpg in Resources */,
				51D749CD1A5D891000D10666 /* image5.jpg in Resources */,
				51D749C51A5D891000D10666 /* image2@2x.jpg in Resources */,
				51D749921A5D6CDF00D10666 /* image@2x.jpg in Resources */,
				51D749C61A5D891000D10666 /* image2@3x.jpg in Resources */,
				51D7497B1A5D692E00D10666 /* Screen Shot 2015-01-07 at 8.15.33 AM.png in Resources */,
				51D749931A5D6CDF00D10666 /* image@3x.jpg in Resources */,
				51D7498D1A5D6CDF00D10666 /* 3x 22-51-19-252.jpg in Resources */,
				51D7499C1A5D6CDF00D10666 /* ironMan@3x.jpg in Resources */,
				51D749DC1A5DC4A900D10666 /* image7.jpg in Resources */,
				51E1C65C1A5B81DA0081F458 /* Main.storyboard in Resources */,
				51D749BE1A5D891000D10666 /* arc.jpg in Resources */,
				51E1C6611A5B81DA0081F458 /* LaunchScreen.xib in Resources */,
				51E1C67E1A5B9A000081F458 /* image@2x.jpg in Resources */,
				51D749C81A5D891000D10666 /* image3@2x.jpg in Resources */,
				51D749CB1A5D891000D10666 /* image4@2x.jpg in Resources */,
				51D7499D1A5D6CDF00D10666 /* Screen Shot 2015-01-07 at 8.15.33 AM.png in Resources */,
				51E1C65E1A5B81DA0081F458 /* Images.xcassets in Resources */,
				51D7498E1A5D6CDF00D10666 /* arc.jpg in Resources */,
				51D749991A5D6CDF00D10666 /* image3@3x.jpg in Resources */,
				51E1C67D1A5B9A000081F458 /* image.jpg in Resources */,
				51D749741A5CE55600D10666 /* 3x 22-51-19-252.jpg in Resources */,
				51D749971A5D6CDF00D10666 /* image3.jpg in Resources */,
				51D749D41A5D891000D10666 /* ironMan@3x.jpg in Resources */,
				51D749D51A5D891000D10666 /* Screen Shot 2015-01-07 at 8.15.33 AM.png in Resources */,
				51D749BD1A5D891000D10666 /* 3x 22-51-19-252.jpg in Resources */,
				51D749981A5D6CDF00D10666 /* image3@2x.jpg in Resources */,
				51D749C21A5D891000D10666 /* image@2x.jpg in Resources */,
				51D749DD1A5DC4A900D10666 /* image7@2x.jpg in Resources */,
				51D749BF1A5D891000D10666 /* arc@2x.jpg in Resources */,
				51D7499B1A5D6CDF00D10666 /* ironMan@2x.jpg in Resources */,
				51D749911A5D6CDF00D10666 /* image.jpg in Resources */,
				51D749CF1A5D891000D10666 /* image6.jpg in Resources */,
				51D749C41A5D891000D10666 /* image2.jpg in Resources */,
				51D749C31A5D891000D10666 /* image@3x.jpg in Resources */,
				51D749A21A5D826100D10666 /* image4@2x.jpg in Resources */,
				51D7498F1A5D6CDF00D10666 /* arc@2x.jpg in Resources */,
				51D749C11A5D891000D10666 /* image.jpg in Resources */,
				51D749901A5D6CDF00D10666 /* arc@3x.jpg in Resources */,
				51D749CA1A5D891000D10666 /* image4.jpg in Resources */,
				51D749A11A5D826100D10666 /* image4.jpg in Resources */,
				51D749A31A5D826100D10666 /* image4@3x.jpg in Resources */,
				51D749C91A5D891000D10666 /* image3@3x.jpg in Resources */,
				51D749C01A5D891000D10666 /* arc@3x.jpg in Resources */,
				51D749E01A5DDBEA00D10666 /* image8.png in Resources */,
				51D749CC1A5D891000D10666 /* image4@3x.jpg in Resources */,
				51D749941A5D6CDF00D10666 /* image2.jpg in Resources */,
				51E1C67F1A5B9A000081F458 /* image@3x.jpg in Resources */,
				51D749961A5D6CDF00D10666 /* image2@3x.jpg in Resources */,
				51D7499A1A5D6CDF00D10666 /* ironMan.jpg in Resources */,
				51D749D21A5D891000D10666 /* ironMan.jpg in Resources */,
				51D749D11A5D891000D10666 /* image6@3x.jpg in Resources */,
				51D749951A5D6CDF00D10666 /* image2@2x.jpg in Resources */,
				51D749D01A5D891000D10666 /* image6@2x.jpg in Resources */,
			);
			runOnlyForDeploymentPostprocessing = 0;
		};
		51E1C6641A5B81DA0081F458 /* Resources */ = {
			isa = PBXResourcesBuildPhase;
			buildActionMask = 2147483647;
			files = (
			);
			runOnlyForDeploymentPostprocessing = 0;
		};
/* End PBXResourcesBuildPhase section */

/* Begin PBXSourcesBuildPhase section */
		51E1C6491A5B81DA0081F458 /* Sources */ = {
			isa = PBXSourcesBuildPhase;
			buildActionMask = 2147483647;
			files = (
				51E1C6591A5B81DA0081F458 /* ViewController.m in Sources */,
				51D749E31A5DDC4400D10666 /* JobsI.m in Sources */,
				51E1C6561A5B81DA0081F458 /* AppDelegate.m in Sources */,
				51E1C6531A5B81DA0081F458 /* main.m in Sources */,
				51E1C6801A5B9A000081F458 /* StyleKitName.m in Sources */,
				51D7496F1A5C382B00D10666 /* InspiratiocCView.m in Sources */,
				51E1C6861A5B9BFE0081F458 /* PCView.m in Sources */,
				51D749D81A5DC36200D10666 /* TeslaIClass.m in Sources */,
			);
			runOnlyForDeploymentPostprocessing = 0;
		};
		51E1C6621A5B81DA0081F458 /* Sources */ = {
			isa = PBXSourcesBuildPhase;
			buildActionMask = 2147483647;
			files = (
				51E1C66D1A5B81DA0081F458 /* Shubham_s_GHPTests.m in Sources */,
			);
			runOnlyForDeploymentPostprocessing = 0;
		};
/* End PBXSourcesBuildPhase section */

/* Begin PBXTargetDependency section */
		51E1C6681A5B81DA0081F458 /* PBXTargetDependency */ = {
			isa = PBXTargetDependency;
			target = 51E1C64C1A5B81DA0081F458 /* Shubham's GHP */;
			targetProxy = 51E1C6671A5B81DA0081F458 /* PBXContainerItemProxy */;
		};
/* End PBXTargetDependency section */

/* Begin PBXVariantGroup section */
		51E1C65A1A5B81DA0081F458 /* Main.storyboard */ = {
			isa = PBXVariantGroup;
			children = (
				51E1C65B1A5B81DA0081F458 /* Base */,
			);
			name = Main.storyboard;
			sourceTree = "<group>";
		};
		51E1C65F1A5B81DA0081F458 /* LaunchScreen.xib */ = {
			isa = PBXVariantGroup;
			children = (
				51E1C6601A5B81DA0081F458 /* Base */,
			);
			name = LaunchScreen.xib;
			sourceTree = "<group>";
		};
/* End PBXVariantGroup section */

/* Begin XCBuildConfiguration section */
		51E1C66E1A5B81DA0081F458 /* Debug */ = {
			isa = XCBuildConfiguration;
			buildSettings = {
				ALWAYS_SEARCH_USER_PATHS = NO;
				CLANG_CXX_LANGUAGE_STANDARD = "gnu++0x";
				CLANG_CXX_LIBRARY = "libc++";
				CLANG_ENABLE_MODULES = YES;
				CLANG_ENABLE_OBJC_ARC = YES;
				CLANG_WARN_BOOL_CONVERSION = YES;
				CLANG_WARN_CONSTANT_CONVERSION = YES;
				CLANG_WARN_DIRECT_OBJC_ISA_USAGE = YES_ERROR;
				CLANG_WARN_EMPTY_BODY = YES;
				CLANG_WARN_ENUM_CONVERSION = YES;
				CLANG_WARN_INT_CONVERSION = YES;
				CLANG_WARN_OBJC_ROOT_CLASS = YES_ERROR;
				CLANG_WARN_UNREACHABLE_CODE = YES;
				CLANG_WARN__DUPLICATE_METHOD_MATCH = YES;
				"CODE_SIGN_IDENTITY[sdk=iphoneos*]" = "iPhone Developer";
				COPY_PHASE_STRIP = NO;
				ENABLE_STRICT_OBJC_MSGSEND = YES;
				GCC_C_LANGUAGE_STANDARD = gnu99;
				GCC_DYNAMIC_NO_PIC = NO;
				GCC_OPTIMIZATION_LEVEL = 0;
				GCC_PREPROCESSOR_DEFINITIONS = (
					"DEBUG=1",
					"$(inherited)",
				);
				GCC_SYMBOLS_PRIVATE_EXTERN = NO;
				GCC_WARN_64_TO_32_BIT_CONVERSION = YES;
				GCC_WARN_ABOUT_RETURN_TYPE = YES_ERROR;
				GCC_WARN_UNDECLARED_SELECTOR = YES;
				GCC_WARN_UNINITIALIZED_AUTOS = YES_AGGRESSIVE;
				GCC_WARN_UNUSED_FUNCTION = YES;
				GCC_WARN_UNUSED_VARIABLE = YES;
				IPHONEOS_DEPLOYMENT_TARGET = 8.1;
				MTL_ENABLE_DEBUG_INFO = YES;
				ONLY_ACTIVE_ARCH = YES;
				SDKROOT = iphoneos;
			};
			name = Debug;
		};
		51E1C66F1A5B81DA0081F458 /* Release */ = {
			isa = XCBuildConfiguration;
			buildSettings = {
				ALWAYS_SEARCH_USER_PATHS = NO;
				CLANG_CXX_LANGUAGE_STANDARD = "gnu++0x";
				CLANG_CXX_LIBRARY = "libc++";
				CLANG_ENABLE_MODULES = YES;
				CLANG_ENABLE_OBJC_ARC = YES;
				CLANG_WARN_BOOL_CONVERSION = YES;
				CLANG_WARN_CONSTANT_CONVERSION = YES;
				CLANG_WARN_DIRECT_OBJC_ISA_USAGE = YES_ERROR;
				CLANG_WARN_EMPTY_BODY = YES;
				CLANG_WARN_ENUM_CONVERSION = YES;
				CLANG_WARN_INT_CONVERSION = YES;
				CLANG_WARN_OBJC_ROOT_CLASS = YES_ERROR;
				CLANG_WARN_UNREACHABLE_CODE = YES;
				CLANG_WARN__DUPLICATE_METHOD_MATCH = YES;
				"CODE_SIGN_IDENTITY[sdk=iphoneos*]" = "iPhone Developer";
				COPY_PHASE_STRIP = YES;
				ENABLE_NS_ASSERTIONS = NO;
				ENABLE_STRICT_OBJC_MSGSEND = YES;
				GCC_C_LANGUAGE_STANDARD = gnu99;
				GCC_WARN_64_TO_32_BIT_CONVERSION = YES;
				GCC_WARN_ABOUT_RETURN_TYPE = YES_ERROR;
				GCC_WARN_UNDECLARED_SELECTOR = YES;
				GCC_WARN_UNINITIALIZED_AUTOS = YES_AGGRESSIVE;
				GCC_WARN_UNUSED_FUNCTION = YES;
				GCC_WARN_UNUSED_VARIABLE = YES;
				IPHONEOS_DEPLOYMENT_TARGET = 8.1;
				MTL_ENABLE_DEBUG_INFO = NO;
				SDKROOT = iphoneos;
				VALIDATE_PRODUCT = YES;
			};
			name = Release;
		};
		51E1C6711A5B81DA0081F458 /* Debug */ = {
			isa = XCBuildConfiguration;
			buildSettings = {
				ASSETCATALOG_COMPILER_APPICON_NAME = AppIcon;
				INFOPLIST_FILE = "Shubham's GHP/Info.plist";
				LD_RUNPATH_SEARCH_PATHS = "$(inherited) @executable_path/Frameworks";
				PRODUCT_NAME = "$(TARGET_NAME)";
			};
			name = Debug;
		};
		51E1C6721A5B81DA0081F458 /* Release */ = {
			isa = XCBuildConfiguration;
			buildSettings = {
				ASSETCATALOG_COMPILER_APPICON_NAME = AppIcon;
				INFOPLIST_FILE = "Shubham's GHP/Info.plist";
				LD_RUNPATH_SEARCH_PATHS = "$(inherited) @executable_path/Frameworks";
				PRODUCT_NAME = "$(TARGET_NAME)";
			};
			name = Release;
		};
		51E1C6741A5B81DA0081F458 /* Debug */ = {
			isa = XCBuildConfiguration;
			buildSettings = {
				BUNDLE_LOADER = "$(TEST_HOST)";
				FRAMEWORK_SEARCH_PATHS = (
					"$(SDKROOT)/Developer/Library/Frameworks",
					"$(inherited)",
				);
				GCC_PREPROCESSOR_DEFINITIONS = (
					"DEBUG=1",
					"$(inherited)",
				);
				INFOPLIST_FILE = "Shubham's GHPTests/Info.plist";
				LD_RUNPATH_SEARCH_PATHS = "$(inherited) @executable_path/Frameworks @loader_path/Frameworks";
				PRODUCT_NAME = "$(TARGET_NAME)";
				TEST_HOST = "$(BUILT_PRODUCTS_DIR)/Shubham's GHP.app/Shubham's GHP";
			};
			name = Debug;
		};
		51E1C6751A5B81DA0081F458 /* Release */ = {
			isa = XCBuildConfiguration;
			buildSettings = {
				BUNDLE_LOADER = "$(TEST_HOST)";
				FRAMEWORK_SEARCH_PATHS = (
					"$(SDKROOT)/Developer/Library/Frameworks",
					"$(inherited)",
				);
				INFOPLIST_FILE = "Shubham's GHPTests/Info.plist";
				LD_RUNPATH_SEARCH_PATHS = "$(inherited) @executable_path/Frameworks @loader_path/Frameworks";
				PRODUCT_NAME = "$(TARGET_NAME)";
				TEST_HOST = "$(BUILT_PRODUCTS_DIR)/Shubham's GHP.app/Shubham's GHP";
			};
			name = Release;
		};
/* End XCBuildConfiguration section */

/* Begin XCConfigurationList section */
		51E1C6481A5B81DA0081F458 /* Build configuration list for PBXProject "Shubham's GHP" */ = {
			isa = XCConfigurationList;
			buildConfigurations = (
				51E1C66E1A5B81DA0081F458 /* Debug */,
				51E1C66F1A5B81DA0081F458 /* Release */,
			);
			defaultConfigurationIsVisible = 0;
			defaultConfigurationName = Release;
		};
		51E1C6701A5B81DA0081F458 /* Build configuration list for PBXNativeTarget "Shubham's GHP" */ = {
			isa = XCConfigurationList;
			buildConfigurations = (
				51E1C6711A5B81DA0081F458 /* Debug */,
				51E1C6721A5B81DA0081F458 /* Release */,
			);
			defaultConfigurationIsVisible = 0;
			defaultConfigurationName = Release;
		};
		51E1C6731A5B81DA0081F458 /* Build configuration list for PBXNativeTarget "Shubham's GHPTests" */ = {
			isa = XCConfigurationList;
			buildConfigurations = (
				51E1C6741A5B81DA0081F458 /* Debug */,
				51E1C6751A5B81DA0081F458 /* Release */,
			);
			defaultConfigurationIsVisible = 0;
			defaultConfigurationName = Release;
		};
/* End XCConfigurationList section */
	};
	rootObject = 51E1C6451A5B81DA0081F458 /* Project object */;
}
